// !$*UTF8*$!
{
	archiveVersion = 1;
	classes = {
	};
	objectVersion = 63;
	objects = {

/* Begin PBXBuildFile section */
		004F5D5D1608FC7989DDA578 /* ViewExtensions.swift in Sources */ = {isa = PBXBuildFile; fileRef = FDD548F5E59501E838557823 /* ViewExtensions.swift */; };
		019382A492754F7376815103 /* GetScannedDocumentsUseCase.swift in Sources */ = {isa = PBXBuildFile; fileRef = 710D15B3053F79C5AEFD858E /* GetScannedDocumentsUseCase.swift */; };
		06CDC122ACA5E132B0DF016A /* DocumentRepositoryPort.swift in Sources */ = {isa = PBXBuildFile; fileRef = E7896E00D61C139C0B190D99 /* DocumentRepositoryPort.swift */; };
		07F7DA8CCF657D6E89F4813C /* RecordRedactionUseCase.swift in Sources */ = {isa = PBXBuildFile; fileRef = 726EFEDE5A72E4E5F52574C5 /* RecordRedactionUseCase.swift */; };
		0A8D0C6E40F2BFDDD4E24140 /* RedactPIIUseCase.swift in Sources */ = {isa = PBXBuildFile; fileRef = 54D9D9316472CA1E925AB9F2 /* RedactPIIUseCase.swift */; };
		0B251786C7AF1CF10088FC0F /* EmptyDetailView.swift in Sources */ = {isa = PBXBuildFile; fileRef = 36A9854D56454A1789867BE2 /* EmptyDetailView.swift */; };
		0B3142724F33EC098A590CE1 /* DetectedPII.swift in Sources */ = {isa = PBXBuildFile; fileRef = 426F871F41F057A6CA08C387 /* DetectedPII.swift */; };
		0CBFCBFE3670C6007F2E8BCD /* RedactedTextView.swift in Sources */ = {isa = PBXBuildFile; fileRef = 849665227BA5D186EB01069B /* RedactedTextView.swift */; };
		0D862275017D7FE5A5D3F9BE /* DocumentState.swift in Sources */ = {isa = PBXBuildFile; fileRef = CFB838F9EA3ACF81E39EB9DD /* DocumentState.swift */; };
		0F5E56CA65466F140D15C6C3 /* StridKit in Frameworks */ = {isa = PBXBuildFile; productRef = 44FAB6B4C7A8B02387BF4DCD /* StridKit */; };
		17BB0B726280CEFA3B44464B /* DocumentViewModel.swift in Sources */ = {isa = PBXBuildFile; fileRef = 932DA0519D54423144747AA9 /* DocumentViewModel.swift */; };
		1CAA7D2D99BDD1AF0A8F5C7F /* StridApp.xcodeproj in Resources */ = {isa = PBXBuildFile; fileRef = FB97FBB662C964B53A26087C /* StridApp.xcodeproj */; };
		1EE0796C834FAF24E3FBAF36 /* ScanningProgressView.swift in Sources */ = {isa = PBXBuildFile; fileRef = FF436044B099FC5A3E99C603 /* ScanningProgressView.swift */; };
		1FD2690C2AD54386FA8E217B /* PlatformHelpers.swift in Sources */ = {isa = PBXBuildFile; fileRef = 72E949ED5A04798986608D05 /* PlatformHelpers.swift */; };
		2011E633E643CE05E8939A83 /* HighlightedTextView.swift in Sources */ = {isa = PBXBuildFile; fileRef = 189EF48B19B3840429A1D742 /* HighlightedTextView.swift */; };
		209938231DC7E5B334883DE3 /* PIIDetectorPort.swift in Sources */ = {isa = PBXBuildFile; fileRef = 13421F5BDD277D3BAEC41FCE /* PIIDetectorPort.swift */; };
		27DF5C13D45FC46E7208253E /* DocumentSidebarRow.swift in Sources */ = {isa = PBXBuildFile; fileRef = 98370C6C168A23BFD86F4FC5 /* DocumentSidebarRow.swift */; };
		28168A245D2ECA01EE1BE02C /* InMemoryDocumentRepository.swift in Sources */ = {isa = PBXBuildFile; fileRef = CECC8F3AF9DCEA922A835BE8 /* InMemoryDocumentRepository.swift */; };
		2AD8EA3C6A7ADF56214C68DF /* ScannedDocumentResultsView.swift in Sources */ = {isa = PBXBuildFile; fileRef = 716560599D66EACAE7B1C26A /* ScannedDocumentResultsView.swift */; };
		2B422A6F20965139F60B7993 /* RedactionHistoryRepositoryPort.swift in Sources */ = {isa = PBXBuildFile; fileRef = C4B485566D7AA991C9698602 /* RedactionHistoryRepositoryPort.swift */; };
		2E04A1755388E1E43EE081DD /* PIIDetectorPort.swift in Sources */ = {isa = PBXBuildFile; fileRef = 13421F5BDD277D3BAEC41FCE /* PIIDetectorPort.swift */; };
		317A0966B116C7298FBEA20B /* ScannedDocumentRepositoryPort.swift in Sources */ = {isa = PBXBuildFile; fileRef = 4D98C67AC3F022E02886B0BF /* ScannedDocumentRepositoryPort.swift */; };
		37E3F4E690027968C40B8569 /* ColorPalette.swift in Sources */ = {isa = PBXBuildFile; fileRef = E0CE0A1583FF662913F6C140 /* ColorPalette.swift */; };
		38C94739E30DFC6F7B7441BC /* ExportDocumentUseCase.swift in Sources */ = {isa = PBXBuildFile; fileRef = C85DBEC249B98706FDC1624F /* ExportDocumentUseCase.swift */; };
		3B6ACAF89F403180F8DD40EF /* DocumentSidebarRow.swift in Sources */ = {isa = PBXBuildFile; fileRef = 98370C6C168A23BFD86F4FC5 /* DocumentSidebarRow.swift */; };
		3C04C57E4E4AC82621A68D95 /* DIContainer.swift in Sources */ = {isa = PBXBuildFile; fileRef = 3D32D4A31CA2753501F2325E /* DIContainer.swift */; };
		3C70AA03FE19B804ED1993CA /* DocumentListViewModel.swift in Sources */ = {isa = PBXBuildFile; fileRef = 04B59EEA3089B4E7512176FE /* DocumentListViewModel.swift */; };
		49A8E4E7BEB83CF7F2981709 /* DocumentDetailView.swift in Sources */ = {isa = PBXBuildFile; fileRef = 9419DB484EA07D0431B618FE /* DocumentDetailView.swift */; };
		4A5FF4C4E9169BA5D0D5F019 /* AppNavigationState.swift in Sources */ = {isa = PBXBuildFile; fileRef = 855B63E6B3EB4C87348CCE24 /* AppNavigationState.swift */; };
		4B2A1FD988E9B299C9ED6A45 /* StridApp.swift in Sources */ = {isa = PBXBuildFile; fileRef = 97D843A7179201530FACD17E /* StridApp.swift */; };
		4BA4B6222CFA1EB1BC9C29CB /* DetectPIIUseCase.swift in Sources */ = {isa = PBXBuildFile; fileRef = FCCD002F94BC8D2A8CC3671C /* DetectPIIUseCase.swift */; };
		4D676F9D6C2AC350F13E4854 /* HighlightedTextView.swift in Sources */ = {isa = PBXBuildFile; fileRef = 189EF48B19B3840429A1D742 /* HighlightedTextView.swift */; };
		50FE92778506933145E1B788 /* SaveScannedDocumentUseCase.swift in Sources */ = {isa = PBXBuildFile; fileRef = 11ED6DAEEEA2F9426D9760BF /* SaveScannedDocumentUseCase.swift */; };
		543A0D31446908002A394A4B /* DIContainer.swift in Sources */ = {isa = PBXBuildFile; fileRef = 3D32D4A31CA2753501F2325E /* DIContainer.swift */; };
		5D0BCC3D95E1EE8717F8EBE9 /* GetRedactionHistoryUseCase.swift in Sources */ = {isa = PBXBuildFile; fileRef = B531061C09E28EA9B6138DF0 /* GetRedactionHistoryUseCase.swift */; };
		668971FD0F8EDB8E78681159 /* ImportDocumentUseCase.swift in Sources */ = {isa = PBXBuildFile; fileRef = 691469146B858FAE548351B2 /* ImportDocumentUseCase.swift */; };
		6CECC6E6A11AB60F9ADA58A9 /* RedactedDocument.swift in Sources */ = {isa = PBXBuildFile; fileRef = C4958CA66F5D69A4D1927A32 /* RedactedDocument.swift */; };
		75223E54388F8A02D296C92D /* ExportDocumentUseCase.swift in Sources */ = {isa = PBXBuildFile; fileRef = C85DBEC249B98706FDC1624F /* ExportDocumentUseCase.swift */; };
		76D0FD38ACCA2E6253E3F6F0 /* StridApp.swift in Sources */ = {isa = PBXBuildFile; fileRef = 97D843A7179201530FACD17E /* StridApp.swift */; };
		78683EA8641D36D23DEDD440 /* DocumentSidebarView.swift in Sources */ = {isa = PBXBuildFile; fileRef = 787C7D02322F1B4C5CF6FD6C /* DocumentSidebarView.swift */; };
		78D2815B41F7E5BC78DAECCB /* ViewExtensions.swift in Sources */ = {isa = PBXBuildFile; fileRef = FDD548F5E59501E838557823 /* ViewExtensions.swift */; };
		7E899B5BC4ABB7C313747BF4 /* RecordRedactionUseCase.swift in Sources */ = {isa = PBXBuildFile; fileRef = 726EFEDE5A72E4E5F52574C5 /* RecordRedactionUseCase.swift */; };
		819B04AE4D8D3232C171EBD2 /* SummarySheet.swift in Sources */ = {isa = PBXBuildFile; fileRef = 62EC14A348697F7B9859D7D6 /* SummarySheet.swift */; };
		8538B8B4267A0A8D0BE6305A /* DetectPIIUseCase.swift in Sources */ = {isa = PBXBuildFile; fileRef = FCCD002F94BC8D2A8CC3671C /* DetectPIIUseCase.swift */; };
		857518B7C17471C92EF349CF /* SamplePickerSheet.swift in Sources */ = {isa = PBXBuildFile; fileRef = 3B13BD92139A58776F0994BF /* SamplePickerSheet.swift */; };
		8600909B24BB8EFA188CC01A /* OriginalTextView.swift in Sources */ = {isa = PBXBuildFile; fileRef = 3CF774A7D1E6C807926E9883 /* OriginalTextView.swift */; };
		8AC475EB3A85FE4644B5841D /* StridKitPIIDetectorAdapter.swift in Sources */ = {isa = PBXBuildFile; fileRef = 914352EDBACD3534E1C9260D /* StridKitPIIDetectorAdapter.swift */; };
		8DEBBBDB3873E09DB492B64D /* DocumentRepositoryPort.swift in Sources */ = {isa = PBXBuildFile; fileRef = E7896E00D61C139C0B190D99 /* DocumentRepositoryPort.swift */; };
		9078AAAB4C1A149B208BDEB6 /* ScannedDocumentRepositoryPort.swift in Sources */ = {isa = PBXBuildFile; fileRef = 4D98C67AC3F022E02886B0BF /* ScannedDocumentRepositoryPort.swift */; };
		9333A307D8E53A7478F25BB6 /* ScannedDocumentResultsView.swift in Sources */ = {isa = PBXBuildFile; fileRef = 716560599D66EACAE7B1C26A /* ScannedDocumentResultsView.swift */; };
		95F2B8F5C343EBE99C4B2E2A /* DocumentViewModel.swift in Sources */ = {isa = PBXBuildFile; fileRef = 932DA0519D54423144747AA9 /* DocumentViewModel.swift */; };
		960889564DC347D4EFA10565 /* RedactionHistoryEntry.swift in Sources */ = {isa = PBXBuildFile; fileRef = A4B9F11FB857BD834E361BB5 /* RedactionHistoryEntry.swift */; };
		968D9E808024DDE599018E7B /* DocumentDetailView.swift in Sources */ = {isa = PBXBuildFile; fileRef = 9419DB484EA07D0431B618FE /* DocumentDetailView.swift */; };
		97D6533BB73CF59E9F734402 /* GetRedactionHistoryUseCase.swift in Sources */ = {isa = PBXBuildFile; fileRef = B531061C09E28EA9B6138DF0 /* GetRedactionHistoryUseCase.swift */; };
		9844B74E1A038D4470CACD19 /* InMemoryScannedDocumentRepository.swift in Sources */ = {isa = PBXBuildFile; fileRef = 64DD8C91F30E3F968958D44C /* InMemoryScannedDocumentRepository.swift */; };
		99EFE95B6E2AFB96FC905C73 /* RedactedTextView.swift in Sources */ = {isa = PBXBuildFile; fileRef = 849665227BA5D186EB01069B /* RedactedTextView.swift */; };
		A3898667848EF99A78630CFD /* ContentView.swift in Sources */ = {isa = PBXBuildFile; fileRef = 38FD04F5FE1EC4FE6200099B /* ContentView.swift */; };
		A7A9C850DF9F5CF6BB881E81 /* GetScannedDocumentsUseCase.swift in Sources */ = {isa = PBXBuildFile; fileRef = 710D15B3053F79C5AEFD858E /* GetScannedDocumentsUseCase.swift */; };
		A986BED565564370C50E2EB1 /* RedactPIIUseCase.swift in Sources */ = {isa = PBXBuildFile; fileRef = 54D9D9316472CA1E925AB9F2 /* RedactPIIUseCase.swift */; };
		B3772FA85492734C90DB70E4 /* ColorPalette.swift in Sources */ = {isa = PBXBuildFile; fileRef = E0CE0A1583FF662913F6C140 /* ColorPalette.swift */; };
		B68598B2C76421835879E1BA /* SaveScannedDocumentUseCase.swift in Sources */ = {isa = PBXBuildFile; fileRef = 11ED6DAEEEA2F9426D9760BF /* SaveScannedDocumentUseCase.swift */; };
		B8CF3FFCC659A0ED2959802F /* InMemoryScannedDocumentRepository.swift in Sources */ = {isa = PBXBuildFile; fileRef = 64DD8C91F30E3F968958D44C /* InMemoryScannedDocumentRepository.swift */; };
		BB7205CE7F779CDE6580DC37 /* DocumentSidebarView.swift in Sources */ = {isa = PBXBuildFile; fileRef = 787C7D02322F1B4C5CF6FD6C /* DocumentSidebarView.swift */; };
		BD41C9E7C02EBD96838BBEE7 /* NoSelectionView.swift in Sources */ = {isa = PBXBuildFile; fileRef = 0EACE3DAFF00C6DBB63CB9A3 /* NoSelectionView.swift */; };
		BD77D4FD8F4CBA8E381C718A /* DeleteScannedDocumentUseCase.swift in Sources */ = {isa = PBXBuildFile; fileRef = FAB54678122D05C913F1C9BB /* DeleteScannedDocumentUseCase.swift */; };
		BF22E1AC87515E56C6527921 /* InMemoryDocumentRepository.swift in Sources */ = {isa = PBXBuildFile; fileRef = CECC8F3AF9DCEA922A835BE8 /* InMemoryDocumentRepository.swift */; };
		C23DCFF9AAE521DD7760254A /* SummarySheet.swift in Sources */ = {isa = PBXBuildFile; fileRef = 62EC14A348697F7B9859D7D6 /* SummarySheet.swift */; };
		C5AB7FAD7B15FB9514B59906 /* SamplePickerSheet.swift in Sources */ = {isa = PBXBuildFile; fileRef = 3B13BD92139A58776F0994BF /* SamplePickerSheet.swift */; };
		CD33BCB42E71D0152152081B /* StridApp.xcodeproj in Resources */ = {isa = PBXBuildFile; fileRef = FB97FBB662C964B53A26087C /* StridApp.xcodeproj */; };
		CE76227F9FBCCA5409723E6A /* ImportDocumentUseCase.swift in Sources */ = {isa = PBXBuildFile; fileRef = 691469146B858FAE548351B2 /* ImportDocumentUseCase.swift */; };
		CF146C781EE7951E56D2F96E /* RedactionHistoryRepositoryPort.swift in Sources */ = {isa = PBXBuildFile; fileRef = C4B485566D7AA991C9698602 /* RedactionHistoryRepositoryPort.swift */; };
		CFB8346CF0F6230044799D33 /* SampleDocument.swift in Sources */ = {isa = PBXBuildFile; fileRef = 1C408BF14B7AC561B6EA713F /* SampleDocument.swift */; };
		D0676760CF885CD618C2C1EC /* Document.swift in Sources */ = {isa = PBXBuildFile; fileRef = 3F97406A85B5E80E2B261830 /* Document.swift */; };
		D15AE31DB32C2A0495118B22 /* PlatformHelpers.swift in Sources */ = {isa = PBXBuildFile; fileRef = 72E949ED5A04798986608D05 /* PlatformHelpers.swift */; };
		D1D0F4EA34138B3DBDAFE2F4 /* SampleDocument.swift in Sources */ = {isa = PBXBuildFile; fileRef = 1C408BF14B7AC561B6EA713F /* SampleDocument.swift */; };
		D47CC5C1AE14DC3717DAAA05 /* ScannedDocument.swift in Sources */ = {isa = PBXBuildFile; fileRef = BC39531746A1048E247437B7 /* ScannedDocument.swift */; };
		D69416C16A02661BD6D555CB /* ScannedDocument.swift in Sources */ = {isa = PBXBuildFile; fileRef = BC39531746A1048E247437B7 /* ScannedDocument.swift */; };
		DC4510DC33B605156F301DFE /* InMemoryRedactionHistoryRepository.swift in Sources */ = {isa = PBXBuildFile; fileRef = FD2C08412102DD79EF97CCFC /* InMemoryRedactionHistoryRepository.swift */; };
		DEEFBD56A688483747347D94 /* EmptyDetailView.swift in Sources */ = {isa = PBXBuildFile; fileRef = 36A9854D56454A1789867BE2 /* EmptyDetailView.swift */; };
		DFD192E0D09D56D5FB93FC79 /* StridKit in Frameworks */ = {isa = PBXBuildFile; productRef = E7987F7639E0196693595EF1 /* StridKit */; };
		E2BC73E23EEB3C10D6080EB7 /* RedactionHistoryEntry.swift in Sources */ = {isa = PBXBuildFile; fileRef = A4B9F11FB857BD834E361BB5 /* RedactionHistoryEntry.swift */; };
		E2E7C81B48C2483096254141 /* ContentView.swift in Sources */ = {isa = PBXBuildFile; fileRef = 38FD04F5FE1EC4FE6200099B /* ContentView.swift */; };
		E2EA8158701D5122FE1CAB28 /* NoSelectionView.swift in Sources */ = {isa = PBXBuildFile; fileRef = 0EACE3DAFF00C6DBB63CB9A3 /* NoSelectionView.swift */; };
		E8A93A90DF7B408458634121 /* InMemoryRedactionHistoryRepository.swift in Sources */ = {isa = PBXBuildFile; fileRef = FD2C08412102DD79EF97CCFC /* InMemoryRedactionHistoryRepository.swift */; };
		EDC1C396EE5172C782D98A94 /* DocumentListViewModel.swift in Sources */ = {isa = PBXBuildFile; fileRef = 04B59EEA3089B4E7512176FE /* DocumentListViewModel.swift */; };
		EEAB7DDEFDA18FB1E14110A7 /* ScanningProgressView.swift in Sources */ = {isa = PBXBuildFile; fileRef = FF436044B099FC5A3E99C603 /* ScanningProgressView.swift */; };
		F450F92882539D239E77B113 /* DocumentState.swift in Sources */ = {isa = PBXBuildFile; fileRef = CFB838F9EA3ACF81E39EB9DD /* DocumentState.swift */; };
		F649D3F49F3B2293F2C8E515 /* OriginalTextView.swift in Sources */ = {isa = PBXBuildFile; fileRef = 3CF774A7D1E6C807926E9883 /* OriginalTextView.swift */; };
		F6F1AFAE736CD9AA94D80F0E /* Document.swift in Sources */ = {isa = PBXBuildFile; fileRef = 3F97406A85B5E80E2B261830 /* Document.swift */; };
		F89504A3BFC9E5C1581F264C /* StridKitPIIDetectorAdapter.swift in Sources */ = {isa = PBXBuildFile; fileRef = 914352EDBACD3534E1C9260D /* StridKitPIIDetectorAdapter.swift */; };
		FC27F24F4779714C9359234E /* AppNavigationState.swift in Sources */ = {isa = PBXBuildFile; fileRef = 855B63E6B3EB4C87348CCE24 /* AppNavigationState.swift */; };
		FD5926DD9DF587930BF0F878 /* DetectedPII.swift in Sources */ = {isa = PBXBuildFile; fileRef = 426F871F41F057A6CA08C387 /* DetectedPII.swift */; };
		FD80DE7107D1822B7DBB63BD /* DeleteScannedDocumentUseCase.swift in Sources */ = {isa = PBXBuildFile; fileRef = FAB54678122D05C913F1C9BB /* DeleteScannedDocumentUseCase.swift */; };
		FE723326180DBBE2844F4317 /* RedactedDocument.swift in Sources */ = {isa = PBXBuildFile; fileRef = C4958CA66F5D69A4D1927A32 /* RedactedDocument.swift */; };
/* End PBXBuildFile section */

/* Begin PBXFileReference section */
		04B59EEA3089B4E7512176FE /* DocumentListViewModel.swift */ = {isa = PBXFileReference; lastKnownFileType = sourcecode.swift; path = DocumentListViewModel.swift; sourceTree = "<group>"; };
		0EACE3DAFF00C6DBB63CB9A3 /* NoSelectionView.swift */ = {isa = PBXFileReference; lastKnownFileType = sourcecode.swift; path = NoSelectionView.swift; sourceTree = "<group>"; };
		11ED6DAEEEA2F9426D9760BF /* SaveScannedDocumentUseCase.swift */ = {isa = PBXFileReference; lastKnownFileType = sourcecode.swift; path = SaveScannedDocumentUseCase.swift; sourceTree = "<group>"; };
		13421F5BDD277D3BAEC41FCE /* PIIDetectorPort.swift */ = {isa = PBXFileReference; lastKnownFileType = sourcecode.swift; path = PIIDetectorPort.swift; sourceTree = "<group>"; };
		189EF48B19B3840429A1D742 /* HighlightedTextView.swift */ = {isa = PBXFileReference; lastKnownFileType = sourcecode.swift; path = HighlightedTextView.swift; sourceTree = "<group>"; };
		1C408BF14B7AC561B6EA713F /* SampleDocument.swift */ = {isa = PBXFileReference; lastKnownFileType = sourcecode.swift; path = SampleDocument.swift; sourceTree = "<group>"; };
		36A9854D56454A1789867BE2 /* EmptyDetailView.swift */ = {isa = PBXFileReference; lastKnownFileType = sourcecode.swift; path = EmptyDetailView.swift; sourceTree = "<group>"; };
		38FD04F5FE1EC4FE6200099B /* ContentView.swift */ = {isa = PBXFileReference; lastKnownFileType = sourcecode.swift; path = ContentView.swift; sourceTree = "<group>"; };
		3B13BD92139A58776F0994BF /* SamplePickerSheet.swift */ = {isa = PBXFileReference; lastKnownFileType = sourcecode.swift; path = SamplePickerSheet.swift; sourceTree = "<group>"; };
		3CF774A7D1E6C807926E9883 /* OriginalTextView.swift */ = {isa = PBXFileReference; lastKnownFileType = sourcecode.swift; path = OriginalTextView.swift; sourceTree = "<group>"; };
		3D32D4A31CA2753501F2325E /* DIContainer.swift */ = {isa = PBXFileReference; lastKnownFileType = sourcecode.swift; path = DIContainer.swift; sourceTree = "<group>"; };
		3F97406A85B5E80E2B261830 /* Document.swift */ = {isa = PBXFileReference; lastKnownFileType = sourcecode.swift; path = Document.swift; sourceTree = "<group>"; };
		426F871F41F057A6CA08C387 /* DetectedPII.swift */ = {isa = PBXFileReference; lastKnownFileType = sourcecode.swift; path = DetectedPII.swift; sourceTree = "<group>"; };
		4D98C67AC3F022E02886B0BF /* ScannedDocumentRepositoryPort.swift */ = {isa = PBXFileReference; lastKnownFileType = sourcecode.swift; path = ScannedDocumentRepositoryPort.swift; sourceTree = "<group>"; };
		54D9D9316472CA1E925AB9F2 /* RedactPIIUseCase.swift */ = {isa = PBXFileReference; lastKnownFileType = sourcecode.swift; path = RedactPIIUseCase.swift; sourceTree = "<group>"; };
		62EC14A348697F7B9859D7D6 /* SummarySheet.swift */ = {isa = PBXFileReference; lastKnownFileType = sourcecode.swift; path = SummarySheet.swift; sourceTree = "<group>"; };
		64DD8C91F30E3F968958D44C /* InMemoryScannedDocumentRepository.swift */ = {isa = PBXFileReference; lastKnownFileType = sourcecode.swift; path = InMemoryScannedDocumentRepository.swift; sourceTree = "<group>"; };
		691469146B858FAE548351B2 /* ImportDocumentUseCase.swift */ = {isa = PBXFileReference; lastKnownFileType = sourcecode.swift; path = ImportDocumentUseCase.swift; sourceTree = "<group>"; };
		710D15B3053F79C5AEFD858E /* GetScannedDocumentsUseCase.swift */ = {isa = PBXFileReference; lastKnownFileType = sourcecode.swift; path = GetScannedDocumentsUseCase.swift; sourceTree = "<group>"; };
		716560599D66EACAE7B1C26A /* ScannedDocumentResultsView.swift */ = {isa = PBXFileReference; lastKnownFileType = sourcecode.swift; path = ScannedDocumentResultsView.swift; sourceTree = "<group>"; };
		726EFEDE5A72E4E5F52574C5 /* RecordRedactionUseCase.swift */ = {isa = PBXFileReference; lastKnownFileType = sourcecode.swift; path = RecordRedactionUseCase.swift; sourceTree = "<group>"; };
		72E949ED5A04798986608D05 /* PlatformHelpers.swift */ = {isa = PBXFileReference; lastKnownFileType = sourcecode.swift; path = PlatformHelpers.swift; sourceTree = "<group>"; };
		787C7D02322F1B4C5CF6FD6C /* DocumentSidebarView.swift */ = {isa = PBXFileReference; lastKnownFileType = sourcecode.swift; path = DocumentSidebarView.swift; sourceTree = "<group>"; };
		849665227BA5D186EB01069B /* RedactedTextView.swift */ = {isa = PBXFileReference; lastKnownFileType = sourcecode.swift; path = RedactedTextView.swift; sourceTree = "<group>"; };
		855B63E6B3EB4C87348CCE24 /* AppNavigationState.swift */ = {isa = PBXFileReference; lastKnownFileType = sourcecode.swift; path = AppNavigationState.swift; sourceTree = "<group>"; };
		914352EDBACD3534E1C9260D /* StridKitPIIDetectorAdapter.swift */ = {isa = PBXFileReference; lastKnownFileType = sourcecode.swift; path = StridKitPIIDetectorAdapter.swift; sourceTree = "<group>"; };
		932DA0519D54423144747AA9 /* DocumentViewModel.swift */ = {isa = PBXFileReference; lastKnownFileType = sourcecode.swift; path = DocumentViewModel.swift; sourceTree = "<group>"; };
		9419DB484EA07D0431B618FE /* DocumentDetailView.swift */ = {isa = PBXFileReference; lastKnownFileType = sourcecode.swift; path = DocumentDetailView.swift; sourceTree = "<group>"; };
		97D843A7179201530FACD17E /* StridApp.swift */ = {isa = PBXFileReference; lastKnownFileType = sourcecode.swift; path = StridApp.swift; sourceTree = "<group>"; };
		98370C6C168A23BFD86F4FC5 /* DocumentSidebarRow.swift */ = {isa = PBXFileReference; lastKnownFileType = sourcecode.swift; path = DocumentSidebarRow.swift; sourceTree = "<group>"; };
		A4B9F11FB857BD834E361BB5 /* RedactionHistoryEntry.swift */ = {isa = PBXFileReference; lastKnownFileType = sourcecode.swift; path = RedactionHistoryEntry.swift; sourceTree = "<group>"; };
		AAE26C28DE276383659A141A /* StridKit */ = {isa = PBXFileReference; lastKnownFileType = folder; name = StridKit; path = ../StridKit; sourceTree = SOURCE_ROOT; };
		B531061C09E28EA9B6138DF0 /* GetRedactionHistoryUseCase.swift */ = {isa = PBXFileReference; lastKnownFileType = sourcecode.swift; path = GetRedactionHistoryUseCase.swift; sourceTree = "<group>"; };
		BC39531746A1048E247437B7 /* ScannedDocument.swift */ = {isa = PBXFileReference; lastKnownFileType = sourcecode.swift; path = ScannedDocument.swift; sourceTree = "<group>"; };
		C4958CA66F5D69A4D1927A32 /* RedactedDocument.swift */ = {isa = PBXFileReference; lastKnownFileType = sourcecode.swift; path = RedactedDocument.swift; sourceTree = "<group>"; };
		C4B485566D7AA991C9698602 /* RedactionHistoryRepositoryPort.swift */ = {isa = PBXFileReference; lastKnownFileType = sourcecode.swift; path = RedactionHistoryRepositoryPort.swift; sourceTree = "<group>"; };
		C85DBEC249B98706FDC1624F /* ExportDocumentUseCase.swift */ = {isa = PBXFileReference; lastKnownFileType = sourcecode.swift; path = ExportDocumentUseCase.swift; sourceTree = "<group>"; };
		CECC8F3AF9DCEA922A835BE8 /* InMemoryDocumentRepository.swift */ = {isa = PBXFileReference; lastKnownFileType = sourcecode.swift; path = InMemoryDocumentRepository.swift; sourceTree = "<group>"; };
		CF359D4F5054BCBB80B08959 /* StridApp.app */ = {isa = PBXFileReference; includeInIndex = 0; lastKnownFileType = wrapper.application; path = StridApp.app; sourceTree = BUILT_PRODUCTS_DIR; };
		CFB838F9EA3ACF81E39EB9DD /* DocumentState.swift */ = {isa = PBXFileReference; lastKnownFileType = sourcecode.swift; path = DocumentState.swift; sourceTree = "<group>"; };
		DBC66860755056E4C78EAAB6 /* StridApp.app */ = {isa = PBXFileReference; explicitFileType = wrapper.application; includeInIndex = 0; path = StridApp.app; sourceTree = BUILT_PRODUCTS_DIR; };
		E0CE0A1583FF662913F6C140 /* ColorPalette.swift */ = {isa = PBXFileReference; lastKnownFileType = sourcecode.swift; path = ColorPalette.swift; sourceTree = "<group>"; };
		E7896E00D61C139C0B190D99 /* DocumentRepositoryPort.swift */ = {isa = PBXFileReference; lastKnownFileType = sourcecode.swift; path = DocumentRepositoryPort.swift; sourceTree = "<group>"; };
		FAB54678122D05C913F1C9BB /* DeleteScannedDocumentUseCase.swift */ = {isa = PBXFileReference; lastKnownFileType = sourcecode.swift; path = DeleteScannedDocumentUseCase.swift; sourceTree = "<group>"; };
		FB97FBB662C964B53A26087C /* StridApp.xcodeproj */ = {isa = PBXFileReference; lastKnownFileType = "wrapper.pb-project"; path = StridApp.xcodeproj; sourceTree = "<group>"; };
		FCCD002F94BC8D2A8CC3671C /* DetectPIIUseCase.swift */ = {isa = PBXFileReference; lastKnownFileType = sourcecode.swift; path = DetectPIIUseCase.swift; sourceTree = "<group>"; };
		FD2C08412102DD79EF97CCFC /* InMemoryRedactionHistoryRepository.swift */ = {isa = PBXFileReference; lastKnownFileType = sourcecode.swift; path = InMemoryRedactionHistoryRepository.swift; sourceTree = "<group>"; };
		FDD548F5E59501E838557823 /* ViewExtensions.swift */ = {isa = PBXFileReference; lastKnownFileType = sourcecode.swift; path = ViewExtensions.swift; sourceTree = "<group>"; };
		FF436044B099FC5A3E99C603 /* ScanningProgressView.swift */ = {isa = PBXFileReference; lastKnownFileType = sourcecode.swift; path = ScanningProgressView.swift; sourceTree = "<group>"; };
/* End PBXFileReference section */

/* Begin PBXFrameworksBuildPhase section */
		44534399A6B988F71E3FAC5F /* Frameworks */ = {
			isa = PBXFrameworksBuildPhase;
			buildActionMask = 2147483647;
			files = (
				DFD192E0D09D56D5FB93FC79 /* StridKit in Frameworks */,
			);
			runOnlyForDeploymentPostprocessing = 0;
		};
		871C7F7B8FF67035704D8DB5 /* Frameworks */ = {
			isa = PBXFrameworksBuildPhase;
			buildActionMask = 2147483647;
			files = (
				0F5E56CA65466F140D15C6C3 /* StridKit in Frameworks */,
			);
			runOnlyForDeploymentPostprocessing = 0;
		};
/* End PBXFrameworksBuildPhase section */

/* Begin PBXGroup section */
		00528C2C730A6454903A31A5 /* ViewModels */ = {
			isa = PBXGroup;
			children = (
				855B63E6B3EB4C87348CCE24 /* AppNavigationState.swift */,
				04B59EEA3089B4E7512176FE /* DocumentListViewModel.swift */,
				CFB838F9EA3ACF81E39EB9DD /* DocumentState.swift */,
				932DA0519D54423144747AA9 /* DocumentViewModel.swift */,
			);
			path = ViewModels;
			sourceTree = "<group>";
		};
		18CEB29B1A6AFF83267EBF8B /* Ports */ = {
			isa = PBXGroup;
			children = (
				E7896E00D61C139C0B190D99 /* DocumentRepositoryPort.swift */,
				13421F5BDD277D3BAEC41FCE /* PIIDetectorPort.swift */,
				C4B485566D7AA991C9698602 /* RedactionHistoryRepositoryPort.swift */,
				4D98C67AC3F022E02886B0BF /* ScannedDocumentRepositoryPort.swift */,
			);
			path = Ports;
			sourceTree = "<group>";
		};
		1FC531923ACDABD8CCEBB896 /* DI */ = {
			isa = PBXGroup;
			children = (
				3D32D4A31CA2753501F2325E /* DIContainer.swift */,
			);
			path = DI;
			sourceTree = "<group>";
		};
		2AF79F4B2F68832000EE6C2F /* Products */ = {
			isa = PBXGroup;
			name = Products;
			sourceTree = "<group>";
		};
		2DB3B691612042A9F6D94819 /* Helpers */ = {
			isa = PBXGroup;
			children = (
				72E949ED5A04798986608D05 /* PlatformHelpers.swift */,
				FDD548F5E59501E838557823 /* ViewExtensions.swift */,
			);
			path = Helpers;
			sourceTree = "<group>";
		};
		362ABAC5DF96A618378B79FC /* Storage */ = {
			isa = PBXGroup;
			children = (
				CECC8F3AF9DCEA922A835BE8 /* InMemoryDocumentRepository.swift */,
				FD2C08412102DD79EF97CCFC /* InMemoryRedactionHistoryRepository.swift */,
				64DD8C91F30E3F968958D44C /* InMemoryScannedDocumentRepository.swift */,
			);
			path = Storage;
			sourceTree = "<group>";
		};
		3B28E6ECC07789B226038527 /* Views */ = {
			isa = PBXGroup;
			children = (
				9419DB484EA07D0431B618FE /* DocumentDetailView.swift */,
				98370C6C168A23BFD86F4FC5 /* DocumentSidebarRow.swift */,
				787C7D02322F1B4C5CF6FD6C /* DocumentSidebarView.swift */,
				36A9854D56454A1789867BE2 /* EmptyDetailView.swift */,
				0EACE3DAFF00C6DBB63CB9A3 /* NoSelectionView.swift */,
				716560599D66EACAE7B1C26A /* ScannedDocumentResultsView.swift */,
				FF436044B099FC5A3E99C603 /* ScanningProgressView.swift */,
				C668F38F0DC392A4F5734422 /* Components */,
			);
			path = Views;
			sourceTree = "<group>";
		};
		573249731357C0AA6805DF63 = {
			isa = PBXGroup;
			children = (
				F5DA971718565C3C039546F8 /* Adapters */,
				74D90BBA43468AADD88BAFAB /* Design */,
				1FC531923ACDABD8CCEBB896 /* DI */,
				6A68EF2DADE504D05BE7109D /* Domain */,
				F0724EC96340C50C3608B213 /* Packages */,
				E9FC8B533A35A38B08507C5E /* StridApp */,
				9E0260CCDDB670441F4A3264 /* Products */,
			);
			sourceTree = "<group>";
		};
		6A68EF2DADE504D05BE7109D /* Domain */ = {
			isa = PBXGroup;
			children = (
				F235D0D1DDCFBC5928BFD737 /* Entities */,
				18CEB29B1A6AFF83267EBF8B /* Ports */,
				F218A253AF205146396BBCB8 /* UseCases */,
			);
			path = Domain;
			sourceTree = "<group>";
		};
		74D90BBA43468AADD88BAFAB /* Design */ = {
			isa = PBXGroup;
			children = (
				E0CE0A1583FF662913F6C140 /* ColorPalette.swift */,
			);
			path = Design;
			sourceTree = "<group>";
		};
		786214F47E143082E7F189BA /* UI */ = {
			isa = PBXGroup;
			children = (
				2DB3B691612042A9F6D94819 /* Helpers */,
				00528C2C730A6454903A31A5 /* ViewModels */,
				3B28E6ECC07789B226038527 /* Views */,
			);
			path = UI;
			sourceTree = "<group>";
		};
		82551F67C54171BC3D3BA35A /* Outbound */ = {
			isa = PBXGroup;
			children = (
				E730B2CAB8371B540EF9882B /* PIIDetection */,
				362ABAC5DF96A618378B79FC /* Storage */,
			);
			path = Outbound;
			sourceTree = "<group>";
		};
		9E0260CCDDB670441F4A3264 /* Products */ = {
			isa = PBXGroup;
			children = (
				CF359D4F5054BCBB80B08959 /* StridApp.app */,
				DBC66860755056E4C78EAAB6 /* StridApp.app */,
			);
			name = Products;
			sourceTree = "<group>";
		};
		B8BC2ABF4CF55192236AE6A9 /* Inbound */ = {
			isa = PBXGroup;
			children = (
				786214F47E143082E7F189BA /* UI */,
			);
			path = Inbound;
			sourceTree = "<group>";
		};
		C668F38F0DC392A4F5734422 /* Components */ = {
			isa = PBXGroup;
			children = (
				189EF48B19B3840429A1D742 /* HighlightedTextView.swift */,
				3CF774A7D1E6C807926E9883 /* OriginalTextView.swift */,
				849665227BA5D186EB01069B /* RedactedTextView.swift */,
				3B13BD92139A58776F0994BF /* SamplePickerSheet.swift */,
				62EC14A348697F7B9859D7D6 /* SummarySheet.swift */,
			);
			path = Components;
			sourceTree = "<group>";
		};
		E730B2CAB8371B540EF9882B /* PIIDetection */ = {
			isa = PBXGroup;
			children = (
				914352EDBACD3534E1C9260D /* StridKitPIIDetectorAdapter.swift */,
			);
			path = PIIDetection;
			sourceTree = "<group>";
		};
		E9FC8B533A35A38B08507C5E /* StridApp */ = {
			isa = PBXGroup;
			children = (
				38FD04F5FE1EC4FE6200099B /* ContentView.swift */,
				97D843A7179201530FACD17E /* StridApp.swift */,
				FB97FBB662C964B53A26087C /* StridApp.xcodeproj */,
			);
			name = StridApp;
			path = .;
			sourceTree = "<group>";
		};
		F0724EC96340C50C3608B213 /* Packages */ = {
			isa = PBXGroup;
			children = (
				AAE26C28DE276383659A141A /* StridKit */,
			);
			name = Packages;
			sourceTree = "<group>";
		};
		F218A253AF205146396BBCB8 /* UseCases */ = {
			isa = PBXGroup;
			children = (
				FAB54678122D05C913F1C9BB /* DeleteScannedDocumentUseCase.swift */,
				FCCD002F94BC8D2A8CC3671C /* DetectPIIUseCase.swift */,
				C85DBEC249B98706FDC1624F /* ExportDocumentUseCase.swift */,
				B531061C09E28EA9B6138DF0 /* GetRedactionHistoryUseCase.swift */,
				710D15B3053F79C5AEFD858E /* GetScannedDocumentsUseCase.swift */,
				691469146B858FAE548351B2 /* ImportDocumentUseCase.swift */,
				726EFEDE5A72E4E5F52574C5 /* RecordRedactionUseCase.swift */,
				54D9D9316472CA1E925AB9F2 /* RedactPIIUseCase.swift */,
				11ED6DAEEEA2F9426D9760BF /* SaveScannedDocumentUseCase.swift */,
			);
			path = UseCases;
			sourceTree = "<group>";
		};
		F235D0D1DDCFBC5928BFD737 /* Entities */ = {
			isa = PBXGroup;
			children = (
				426F871F41F057A6CA08C387 /* DetectedPII.swift */,
				3F97406A85B5E80E2B261830 /* Document.swift */,
				C4958CA66F5D69A4D1927A32 /* RedactedDocument.swift */,
				A4B9F11FB857BD834E361BB5 /* RedactionHistoryEntry.swift */,
				1C408BF14B7AC561B6EA713F /* SampleDocument.swift */,
				BC39531746A1048E247437B7 /* ScannedDocument.swift */,
			);
			path = Entities;
			sourceTree = "<group>";
		};
		F5DA971718565C3C039546F8 /* Adapters */ = {
			isa = PBXGroup;
			children = (
				B8BC2ABF4CF55192236AE6A9 /* Inbound */,
				82551F67C54171BC3D3BA35A /* Outbound */,
			);
			path = Adapters;
			sourceTree = "<group>";
		};
/* End PBXGroup section */

/* Begin PBXNativeTarget section */
		3835EC6A9CEAAB8EFB3261AD /* StridApp_macOS */ = {
			isa = PBXNativeTarget;
			buildConfigurationList = 68250AFDB1D9C270EAD0FF04 /* Build configuration list for PBXNativeTarget "StridApp_macOS" */;
			buildPhases = (
				35794A9B6BE9C5F739B6D9BB /* Sources */,
				7F21150FA8AA6902B8B6EEED /* Resources */,
				44534399A6B988F71E3FAC5F /* Frameworks */,
			);
			buildRules = (
			);
			dependencies = (
			);
			name = StridApp_macOS;
			packageProductDependencies = (
				E7987F7639E0196693595EF1 /* StridKit */,
			);
			productName = StridApp_macOS;
			productReference = DBC66860755056E4C78EAAB6 /* StridApp.app */;
			productType = "com.apple.product-type.application";
		};
		EC0FB368C06EEC5581F1649B /* StridApp_iOS */ = {
			isa = PBXNativeTarget;
			buildConfigurationList = 766DB707AFEACF6D932564D3 /* Build configuration list for PBXNativeTarget "StridApp_iOS" */;
			buildPhases = (
				0A820E87893622E8D21E540B /* Sources */,
				671465DCCD88C2866084C750 /* Resources */,
				871C7F7B8FF67035704D8DB5 /* Frameworks */,
			);
			buildRules = (
			);
			dependencies = (
			);
			name = StridApp_iOS;
			packageProductDependencies = (
				44FAB6B4C7A8B02387BF4DCD /* StridKit */,
			);
			productName = StridApp_iOS;
			productReference = CF359D4F5054BCBB80B08959 /* StridApp.app */;
			productType = "com.apple.product-type.application";
		};
/* End PBXNativeTarget section */

/* Begin PBXProject section */
		5D6ACA564A974D7EE436D95C /* Project object */ = {
			isa = PBXProject;
			attributes = {
				BuildIndependentTargetsInParallel = YES;
				LastUpgradeCheck = 1430;
				TargetAttributes = {
					3835EC6A9CEAAB8EFB3261AD = {
						DevelopmentTeam = "";
						ProvisioningStyle = Automatic;
					};
					EC0FB368C06EEC5581F1649B = {
						DevelopmentTeam = "";
						ProvisioningStyle = Automatic;
					};
				};
			};
			buildConfigurationList = 946F1EE2DBE0827AE05F3D71 /* Build configuration list for PBXProject "StridApp" */;
			compatibilityVersion = "Xcode 14.0";
			developmentRegion = en;
			hasScannedForEncodings = 0;
			knownRegions = (
				Base,
				en,
			);
			mainGroup = 573249731357C0AA6805DF63;
			minimizedProjectReferenceProxies = 1;
			packageReferences = (
				9B38A6364E4DF9D4A143C2A5 /* XCLocalSwiftPackageReference "../StridKit" */,
			);
			projectDirPath = "";
			projectReferences = (
				{
					ProductGroup = 2AF79F4B2F68832000EE6C2F /* Products */;
					ProjectRef = FB97FBB662C964B53A26087C /* StridApp.xcodeproj */;
				},
			);
			projectRoot = "";
			targets = (
				EC0FB368C06EEC5581F1649B /* StridApp_iOS */,
				3835EC6A9CEAAB8EFB3261AD /* StridApp_macOS */,
			);
		};
/* End PBXProject section */

/* Begin PBXResourcesBuildPhase section */
		671465DCCD88C2866084C750 /* Resources */ = {
			isa = PBXResourcesBuildPhase;
			buildActionMask = 2147483647;
			files = (
				CD33BCB42E71D0152152081B /* StridApp.xcodeproj in Resources */,
			);
			runOnlyForDeploymentPostprocessing = 0;
		};
		7F21150FA8AA6902B8B6EEED /* Resources */ = {
			isa = PBXResourcesBuildPhase;
			buildActionMask = 2147483647;
			files = (
				1CAA7D2D99BDD1AF0A8F5C7F /* StridApp.xcodeproj in Resources */,
			);
			runOnlyForDeploymentPostprocessing = 0;
		};
/* End PBXResourcesBuildPhase section */

/* Begin PBXSourcesBuildPhase section */
		0A820E87893622E8D21E540B /* Sources */ = {
			isa = PBXSourcesBuildPhase;
			buildActionMask = 2147483647;
			files = (
				4A5FF4C4E9169BA5D0D5F019 /* AppNavigationState.swift in Sources */,
				37E3F4E690027968C40B8569 /* ColorPalette.swift in Sources */,
				A3898667848EF99A78630CFD /* ContentView.swift in Sources */,
				543A0D31446908002A394A4B /* DIContainer.swift in Sources */,
				BD77D4FD8F4CBA8E381C718A /* DeleteScannedDocumentUseCase.swift in Sources */,
				4BA4B6222CFA1EB1BC9C29CB /* DetectPIIUseCase.swift in Sources */,
				0B3142724F33EC098A590CE1 /* DetectedPII.swift in Sources */,
				D0676760CF885CD618C2C1EC /* Document.swift in Sources */,
				968D9E808024DDE599018E7B /* DocumentDetailView.swift in Sources */,
				EDC1C396EE5172C782D98A94 /* DocumentListViewModel.swift in Sources */,
				06CDC122ACA5E132B0DF016A /* DocumentRepositoryPort.swift in Sources */,
				3B6ACAF89F403180F8DD40EF /* DocumentSidebarRow.swift in Sources */,
				BB7205CE7F779CDE6580DC37 /* DocumentSidebarView.swift in Sources */,
				F450F92882539D239E77B113 /* DocumentState.swift in Sources */,
				17BB0B726280CEFA3B44464B /* DocumentViewModel.swift in Sources */,
				0B251786C7AF1CF10088FC0F /* EmptyDetailView.swift in Sources */,
				75223E54388F8A02D296C92D /* ExportDocumentUseCase.swift in Sources */,
				5D0BCC3D95E1EE8717F8EBE9 /* GetRedactionHistoryUseCase.swift in Sources */,
				019382A492754F7376815103 /* GetScannedDocumentsUseCase.swift in Sources */,
				4D676F9D6C2AC350F13E4854 /* HighlightedTextView.swift in Sources */,
				668971FD0F8EDB8E78681159 /* ImportDocumentUseCase.swift in Sources */,
				BF22E1AC87515E56C6527921 /* InMemoryDocumentRepository.swift in Sources */,
				DC4510DC33B605156F301DFE /* InMemoryRedactionHistoryRepository.swift in Sources */,
				9844B74E1A038D4470CACD19 /* InMemoryScannedDocumentRepository.swift in Sources */,
				E2EA8158701D5122FE1CAB28 /* NoSelectionView.swift in Sources */,
				F649D3F49F3B2293F2C8E515 /* OriginalTextView.swift in Sources */,
				2E04A1755388E1E43EE081DD /* PIIDetectorPort.swift in Sources */,
				1FD2690C2AD54386FA8E217B /* PlatformHelpers.swift in Sources */,
				07F7DA8CCF657D6E89F4813C /* RecordRedactionUseCase.swift in Sources */,
				0A8D0C6E40F2BFDDD4E24140 /* RedactPIIUseCase.swift in Sources */,
				FE723326180DBBE2844F4317 /* RedactedDocument.swift in Sources */,
				99EFE95B6E2AFB96FC905C73 /* RedactedTextView.swift in Sources */,
				E2BC73E23EEB3C10D6080EB7 /* RedactionHistoryEntry.swift in Sources */,
				2B422A6F20965139F60B7993 /* RedactionHistoryRepositoryPort.swift in Sources */,
				D1D0F4EA34138B3DBDAFE2F4 /* SampleDocument.swift in Sources */,
				C5AB7FAD7B15FB9514B59906 /* SamplePickerSheet.swift in Sources */,
				B68598B2C76421835879E1BA /* SaveScannedDocumentUseCase.swift in Sources */,
				D69416C16A02661BD6D555CB /* ScannedDocument.swift in Sources */,
				317A0966B116C7298FBEA20B /* ScannedDocumentRepositoryPort.swift in Sources */,
				9333A307D8E53A7478F25BB6 /* ScannedDocumentResultsView.swift in Sources */,
				1EE0796C834FAF24E3FBAF36 /* ScanningProgressView.swift in Sources */,
				76D0FD38ACCA2E6253E3F6F0 /* StridApp.swift in Sources */,
				F89504A3BFC9E5C1581F264C /* StridKitPIIDetectorAdapter.swift in Sources */,
				C23DCFF9AAE521DD7760254A /* SummarySheet.swift in Sources */,
				004F5D5D1608FC7989DDA578 /* ViewExtensions.swift in Sources */,
			);
			runOnlyForDeploymentPostprocessing = 0;
		};
		35794A9B6BE9C5F739B6D9BB /* Sources */ = {
			isa = PBXSourcesBuildPhase;
			buildActionMask = 2147483647;
			files = (
				FC27F24F4779714C9359234E /* AppNavigationState.swift in Sources */,
				B3772FA85492734C90DB70E4 /* ColorPalette.swift in Sources */,
				E2E7C81B48C2483096254141 /* ContentView.swift in Sources */,
				3C04C57E4E4AC82621A68D95 /* DIContainer.swift in Sources */,
				FD80DE7107D1822B7DBB63BD /* DeleteScannedDocumentUseCase.swift in Sources */,
				8538B8B4267A0A8D0BE6305A /* DetectPIIUseCase.swift in Sources */,
				FD5926DD9DF587930BF0F878 /* DetectedPII.swift in Sources */,
				F6F1AFAE736CD9AA94D80F0E /* Document.swift in Sources */,
				49A8E4E7BEB83CF7F2981709 /* DocumentDetailView.swift in Sources */,
				3C70AA03FE19B804ED1993CA /* DocumentListViewModel.swift in Sources */,
				8DEBBBDB3873E09DB492B64D /* DocumentRepositoryPort.swift in Sources */,
				27DF5C13D45FC46E7208253E /* DocumentSidebarRow.swift in Sources */,
				78683EA8641D36D23DEDD440 /* DocumentSidebarView.swift in Sources */,
				0D862275017D7FE5A5D3F9BE /* DocumentState.swift in Sources */,
				95F2B8F5C343EBE99C4B2E2A /* DocumentViewModel.swift in Sources */,
				DEEFBD56A688483747347D94 /* EmptyDetailView.swift in Sources */,
				38C94739E30DFC6F7B7441BC /* ExportDocumentUseCase.swift in Sources */,
				97D6533BB73CF59E9F734402 /* GetRedactionHistoryUseCase.swift in Sources */,
				A7A9C850DF9F5CF6BB881E81 /* GetScannedDocumentsUseCase.swift in Sources */,
				2011E633E643CE05E8939A83 /* HighlightedTextView.swift in Sources */,
				CE76227F9FBCCA5409723E6A /* ImportDocumentUseCase.swift in Sources */,
				28168A245D2ECA01EE1BE02C /* InMemoryDocumentRepository.swift in Sources */,
				E8A93A90DF7B408458634121 /* InMemoryRedactionHistoryRepository.swift in Sources */,
				B8CF3FFCC659A0ED2959802F /* InMemoryScannedDocumentRepository.swift in Sources */,
				BD41C9E7C02EBD96838BBEE7 /* NoSelectionView.swift in Sources */,
				8600909B24BB8EFA188CC01A /* OriginalTextView.swift in Sources */,
				209938231DC7E5B334883DE3 /* PIIDetectorPort.swift in Sources */,
				D15AE31DB32C2A0495118B22 /* PlatformHelpers.swift in Sources */,
				7E899B5BC4ABB7C313747BF4 /* RecordRedactionUseCase.swift in Sources */,
				A986BED565564370C50E2EB1 /* RedactPIIUseCase.swift in Sources */,
				6CECC6E6A11AB60F9ADA58A9 /* RedactedDocument.swift in Sources */,
				0CBFCBFE3670C6007F2E8BCD /* RedactedTextView.swift in Sources */,
				960889564DC347D4EFA10565 /* RedactionHistoryEntry.swift in Sources */,
				CF146C781EE7951E56D2F96E /* RedactionHistoryRepositoryPort.swift in Sources */,
				CFB8346CF0F6230044799D33 /* SampleDocument.swift in Sources */,
				857518B7C17471C92EF349CF /* SamplePickerSheet.swift in Sources */,
				50FE92778506933145E1B788 /* SaveScannedDocumentUseCase.swift in Sources */,
				D47CC5C1AE14DC3717DAAA05 /* ScannedDocument.swift in Sources */,
				9078AAAB4C1A149B208BDEB6 /* ScannedDocumentRepositoryPort.swift in Sources */,
				2AD8EA3C6A7ADF56214C68DF /* ScannedDocumentResultsView.swift in Sources */,
				EEAB7DDEFDA18FB1E14110A7 /* ScanningProgressView.swift in Sources */,
				4B2A1FD988E9B299C9ED6A45 /* StridApp.swift in Sources */,
				8AC475EB3A85FE4644B5841D /* StridKitPIIDetectorAdapter.swift in Sources */,
				819B04AE4D8D3232C171EBD2 /* SummarySheet.swift in Sources */,
				78D2815B41F7E5BC78DAECCB /* ViewExtensions.swift in Sources */,
			);
			runOnlyForDeploymentPostprocessing = 0;
		};
/* End PBXSourcesBuildPhase section */

/* Begin XCBuildConfiguration section */
		21C904CBDB0F33A890246CF5 /* Debug */ = {
			isa = XCBuildConfiguration;
			buildSettings = {
				ASSETCATALOG_COMPILER_APPICON_NAME = AppIcon;
				CODE_SIGN_STYLE = Automatic;
				COMBINE_HIDPI_IMAGES = YES;
				DEVELOPMENT_TEAM = "";
				GENERATE_INFOPLIST_FILE = YES;
				INFOPLIST_KEY_LSApplicationCategoryType = "public.app-category.productivity";
				"INFOPLIST_KEY_UIApplicationSceneManifest_Generation[sdk=iphoneos*]" = YES;
				"INFOPLIST_KEY_UIApplicationSceneManifest_Generation[sdk=iphonesimulator*]" = YES;
				"INFOPLIST_KEY_UIApplicationSupportsIndirectInputEvents[sdk=iphoneos*]" = YES;
				"INFOPLIST_KEY_UIApplicationSupportsIndirectInputEvents[sdk=iphonesimulator*]" = YES;
				"INFOPLIST_KEY_UILaunchScreen_Generation[sdk=iphoneos*]" = YES;
				"INFOPLIST_KEY_UILaunchScreen_Generation[sdk=iphonesimulator*]" = YES;
				"INFOPLIST_KEY_UISupportedInterfaceOrientations[sdk=iphoneos*]" = "UIInterfaceOrientationPortrait UIInterfaceOrientationLandscapeLeft UIInterfaceOrientationLandscapeRight";
				"INFOPLIST_KEY_UISupportedInterfaceOrientations[sdk=iphonesimulator*]" = "UIInterfaceOrientationPortrait UIInterfaceOrientationLandscapeLeft UIInterfaceOrientationLandscapeRight";
				"INFOPLIST_KEY_UISupportedInterfaceOrientations_iPad[sdk=iphoneos*]" = "UIInterfaceOrientationPortrait UIInterfaceOrientationPortraitUpsideDown UIInterfaceOrientationLandscapeLeft UIInterfaceOrientationLandscapeRight";
				"INFOPLIST_KEY_UISupportedInterfaceOrientations_iPad[sdk=iphonesimulator*]" = "UIInterfaceOrientationPortrait UIInterfaceOrientationPortraitUpsideDown UIInterfaceOrientationLandscapeLeft UIInterfaceOrientationLandscapeRight";
				LD_RUNPATH_SEARCH_PATHS = (
					"$(inherited)",
					"@executable_path/../Frameworks",
				);
				MACOSX_DEPLOYMENT_TARGET = 15.0;
				PRODUCT_BUNDLE_IDENTIFIER = com.strid.StridApp;
				PRODUCT_NAME = StridApp;
				SDKROOT = macosx;
				SWIFT_VERSION = 5.9;
				"TARGETED_DEVICE_FAMILY[sdk=iphoneos*]" = "1,2";
				"TARGETED_DEVICE_FAMILY[sdk=iphonesimulator*]" = "1,2";
			};
			name = Debug;
		};
		5CB03EF2BACB22ED550BD5C2 /* Release */ = {
			isa = XCBuildConfiguration;
			buildSettings = {
				ASSETCATALOG_COMPILER_APPICON_NAME = AppIcon;
				CODE_SIGN_IDENTITY = "iPhone Developer";
				CODE_SIGN_STYLE = Automatic;
				DEVELOPMENT_TEAM = "";
				GENERATE_INFOPLIST_FILE = YES;
				INFOPLIST_KEY_LSApplicationCategoryType = "public.app-category.productivity";
				"INFOPLIST_KEY_UIApplicationSceneManifest_Generation[sdk=iphoneos*]" = YES;
				"INFOPLIST_KEY_UIApplicationSceneManifest_Generation[sdk=iphonesimulator*]" = YES;
				"INFOPLIST_KEY_UIApplicationSupportsIndirectInputEvents[sdk=iphoneos*]" = YES;
				"INFOPLIST_KEY_UIApplicationSupportsIndirectInputEvents[sdk=iphonesimulator*]" = YES;
				"INFOPLIST_KEY_UILaunchScreen_Generation[sdk=iphoneos*]" = YES;
				"INFOPLIST_KEY_UILaunchScreen_Generation[sdk=iphonesimulator*]" = YES;
				"INFOPLIST_KEY_UISupportedInterfaceOrientations[sdk=iphoneos*]" = "UIInterfaceOrientationPortrait UIInterfaceOrientationLandscapeLeft UIInterfaceOrientationLandscapeRight";
				"INFOPLIST_KEY_UISupportedInterfaceOrientations[sdk=iphonesimulator*]" = "UIInterfaceOrientationPortrait UIInterfaceOrientationLandscapeLeft UIInterfaceOrientationLandscapeRight";
				"INFOPLIST_KEY_UISupportedInterfaceOrientations_iPad[sdk=iphoneos*]" = "UIInterfaceOrientationPortrait UIInterfaceOrientationPortraitUpsideDown UIInterfaceOrientationLandscapeLeft UIInterfaceOrientationLandscapeRight";
				"INFOPLIST_KEY_UISupportedInterfaceOrientations_iPad[sdk=iphonesimulator*]" = "UIInterfaceOrientationPortrait UIInterfaceOrientationPortraitUpsideDown UIInterfaceOrientationLandscapeLeft UIInterfaceOrientationLandscapeRight";
				IPHONEOS_DEPLOYMENT_TARGET = 26.0;
				LD_RUNPATH_SEARCH_PATHS = (
					"$(inherited)",
					"@executable_path/Frameworks",
				);
				PRODUCT_BUNDLE_IDENTIFIER = com.strid.StridApp;
				PRODUCT_NAME = StridApp;
				SDKROOT = iphoneos;
				SWIFT_VERSION = 5.9;
				TARGETED_DEVICE_FAMILY = "1,2";
				"TARGETED_DEVICE_FAMILY[sdk=iphoneos*]" = "1,2";
				"TARGETED_DEVICE_FAMILY[sdk=iphonesimulator*]" = "1,2";
			};
			name = Release;
		};
		88AB416C005A600D2C603FD2 /* Release */ = {
			isa = XCBuildConfiguration;
			buildSettings = {
				ASSETCATALOG_COMPILER_APPICON_NAME = AppIcon;
				CODE_SIGN_STYLE = Automatic;
				COMBINE_HIDPI_IMAGES = YES;
				DEVELOPMENT_TEAM = "";
				GENERATE_INFOPLIST_FILE = YES;
				INFOPLIST_KEY_LSApplicationCategoryType = "public.app-category.productivity";
				"INFOPLIST_KEY_UIApplicationSceneManifest_Generation[sdk=iphoneos*]" = YES;
				"INFOPLIST_KEY_UIApplicationSceneManifest_Generation[sdk=iphonesimulator*]" = YES;
				"INFOPLIST_KEY_UIApplicationSupportsIndirectInputEvents[sdk=iphoneos*]" = YES;
				"INFOPLIST_KEY_UIApplicationSupportsIndirectInputEvents[sdk=iphonesimulator*]" = YES;
				"INFOPLIST_KEY_UILaunchScreen_Generation[sdk=iphoneos*]" = YES;
				"INFOPLIST_KEY_UILaunchScreen_Generation[sdk=iphonesimulator*]" = YES;
				"INFOPLIST_KEY_UISupportedInterfaceOrientations[sdk=iphoneos*]" = "UIInterfaceOrientationPortrait UIInterfaceOrientationLandscapeLeft UIInterfaceOrientationLandscapeRight";
				"INFOPLIST_KEY_UISupportedInterfaceOrientations[sdk=iphonesimulator*]" = "UIInterfaceOrientationPortrait UIInterfaceOrientationLandscapeLeft UIInterfaceOrientationLandscapeRight";
				"INFOPLIST_KEY_UISupportedInterfaceOrientations_iPad[sdk=iphoneos*]" = "UIInterfaceOrientationPortrait UIInterfaceOrientationPortraitUpsideDown UIInterfaceOrientationLandscapeLeft UIInterfaceOrientationLandscapeRight";
				"INFOPLIST_KEY_UISupportedInterfaceOrientations_iPad[sdk=iphonesimulator*]" = "UIInterfaceOrientationPortrait UIInterfaceOrientationPortraitUpsideDown UIInterfaceOrientationLandscapeLeft UIInterfaceOrientationLandscapeRight";
				LD_RUNPATH_SEARCH_PATHS = (
					"$(inherited)",
					"@executable_path/../Frameworks",
				);
				MACOSX_DEPLOYMENT_TARGET = 15.0;
				PRODUCT_BUNDLE_IDENTIFIER = com.strid.StridApp;
				PRODUCT_NAME = StridApp;
				SDKROOT = macosx;
				SWIFT_VERSION = 5.9;
				"TARGETED_DEVICE_FAMILY[sdk=iphoneos*]" = "1,2";
				"TARGETED_DEVICE_FAMILY[sdk=iphonesimulator*]" = "1,2";
			};
			name = Release;
		};
		994FBAF9ECEC00503E8CEF3B /* Release */ = {
			isa = XCBuildConfiguration;
			buildSettings = {
				ALWAYS_SEARCH_USER_PATHS = NO;
				CLANG_ANALYZER_NONNULL = YES;
				CLANG_ANALYZER_NUMBER_OBJECT_CONVERSION = YES_AGGRESSIVE;
				CLANG_CXX_LANGUAGE_STANDARD = "gnu++14";
				CLANG_CXX_LIBRARY = "libc++";
				CLANG_ENABLE_MODULES = YES;
				CLANG_ENABLE_OBJC_ARC = YES;
				CLANG_ENABLE_OBJC_WEAK = YES;
				CLANG_WARN_BLOCK_CAPTURE_AUTORELEASING = YES;
				CLANG_WARN_BOOL_CONVERSION = YES;
				CLANG_WARN_COMMA = YES;
				CLANG_WARN_CONSTANT_CONVERSION = YES;
				CLANG_WARN_DEPRECATED_OBJC_IMPLEMENTATIONS = YES;
				CLANG_WARN_DIRECT_OBJC_ISA_USAGE = YES_ERROR;
				CLANG_WARN_DOCUMENTATION_COMMENTS = YES;
				CLANG_WARN_EMPTY_BODY = YES;
				CLANG_WARN_ENUM_CONVERSION = YES;
				CLANG_WARN_INFINITE_RECURSION = YES;
				CLANG_WARN_INT_CONVERSION = YES;
				CLANG_WARN_NON_LITERAL_NULL_CONVERSION = YES;
				CLANG_WARN_OBJC_IMPLICIT_RETAIN_SELF = YES;
				CLANG_WARN_OBJC_LITERAL_CONVERSION = YES;
				CLANG_WARN_OBJC_ROOT_CLASS = YES_ERROR;
				CLANG_WARN_QUOTED_INCLUDE_IN_FRAMEWORK_HEADER = YES;
				CLANG_WARN_RANGE_LOOP_ANALYSIS = YES;
				CLANG_WARN_STRICT_PROTOTYPES = YES;
				CLANG_WARN_SUSPICIOUS_MOVE = YES;
				CLANG_WARN_UNGUARDED_AVAILABILITY = YES_AGGRESSIVE;
				CLANG_WARN_UNREACHABLE_CODE = YES;
				CLANG_WARN__DUPLICATE_METHOD_MATCH = YES;
				COPY_PHASE_STRIP = NO;
				DEBUG_INFORMATION_FORMAT = "dwarf-with-dsym";
				ENABLE_NS_ASSERTIONS = NO;
				ENABLE_STRICT_OBJC_MSGSEND = YES;
				GCC_C_LANGUAGE_STANDARD = gnu11;
				GCC_NO_COMMON_BLOCKS = YES;
				GCC_WARN_64_TO_32_BIT_CONVERSION = YES;
				GCC_WARN_ABOUT_RETURN_TYPE = YES_ERROR;
				GCC_WARN_UNDECLARED_SELECTOR = YES;
				GCC_WARN_UNINITIALIZED_AUTOS = YES_AGGRESSIVE;
				GCC_WARN_UNUSED_FUNCTION = YES;
				GCC_WARN_UNUSED_VARIABLE = YES;
				IPHONEOS_DEPLOYMENT_TARGET = 26.0;
				MACOSX_DEPLOYMENT_TARGET = 15.0;
				MTL_ENABLE_DEBUG_INFO = NO;
				MTL_FAST_MATH = YES;
				PRODUCT_NAME = "$(TARGET_NAME)";
				SWIFT_COMPILATION_MODE = wholemodule;
				SWIFT_OPTIMIZATION_LEVEL = "-O";
				SWIFT_VERSION = 5.0;
			};
			name = Release;
		};
		BD7D3649F4EBC7C2148C9A3E /* Debug */ = {
			isa = XCBuildConfiguration;
			buildSettings = {
				ALWAYS_SEARCH_USER_PATHS = NO;
				CLANG_ANALYZER_NONNULL = YES;
				CLANG_ANALYZER_NUMBER_OBJECT_CONVERSION = YES_AGGRESSIVE;
				CLANG_CXX_LANGUAGE_STANDARD = "gnu++14";
				CLANG_CXX_LIBRARY = "libc++";
				CLANG_ENABLE_MODULES = YES;
				CLANG_ENABLE_OBJC_ARC = YES;
				CLANG_ENABLE_OBJC_WEAK = YES;
				CLANG_WARN_BLOCK_CAPTURE_AUTORELEASING = YES;
				CLANG_WARN_BOOL_CONVERSION = YES;
				CLANG_WARN_COMMA = YES;
				CLANG_WARN_CONSTANT_CONVERSION = YES;
				CLANG_WARN_DEPRECATED_OBJC_IMPLEMENTATIONS = YES;
				CLANG_WARN_DIRECT_OBJC_ISA_USAGE = YES_ERROR;
				CLANG_WARN_DOCUMENTATION_COMMENTS = YES;
				CLANG_WARN_EMPTY_BODY = YES;
				CLANG_WARN_ENUM_CONVERSION = YES;
				CLANG_WARN_INFINITE_RECURSION = YES;
				CLANG_WARN_INT_CONVERSION = YES;
				CLANG_WARN_NON_LITERAL_NULL_CONVERSION = YES;
				CLANG_WARN_OBJC_IMPLICIT_RETAIN_SELF = YES;
				CLANG_WARN_OBJC_LITERAL_CONVERSION = YES;
				CLANG_WARN_OBJC_ROOT_CLASS = YES_ERROR;
				CLANG_WARN_QUOTED_INCLUDE_IN_FRAMEWORK_HEADER = YES;
				CLANG_WARN_RANGE_LOOP_ANALYSIS = YES;
				CLANG_WARN_STRICT_PROTOTYPES = YES;
				CLANG_WARN_SUSPICIOUS_MOVE = YES;
				CLANG_WARN_UNGUARDED_AVAILABILITY = YES_AGGRESSIVE;
				CLANG_WARN_UNREACHABLE_CODE = YES;
				CLANG_WARN__DUPLICATE_METHOD_MATCH = YES;
				COPY_PHASE_STRIP = NO;
				DEBUG_INFORMATION_FORMAT = dwarf;
				ENABLE_STRICT_OBJC_MSGSEND = YES;
				ENABLE_TESTABILITY = YES;
				GCC_C_LANGUAGE_STANDARD = gnu11;
				GCC_DYNAMIC_NO_PIC = NO;
				GCC_NO_COMMON_BLOCKS = YES;
				GCC_OPTIMIZATION_LEVEL = 0;
				GCC_PREPROCESSOR_DEFINITIONS = (
					"$(inherited)",
					"DEBUG=1",
				);
				GCC_WARN_64_TO_32_BIT_CONVERSION = YES;
				GCC_WARN_ABOUT_RETURN_TYPE = YES_ERROR;
				GCC_WARN_UNDECLARED_SELECTOR = YES;
				GCC_WARN_UNINITIALIZED_AUTOS = YES_AGGRESSIVE;
				GCC_WARN_UNUSED_FUNCTION = YES;
				GCC_WARN_UNUSED_VARIABLE = YES;
				IPHONEOS_DEPLOYMENT_TARGET = 26.0;
				MACOSX_DEPLOYMENT_TARGET = 15.0;
				MTL_ENABLE_DEBUG_INFO = INCLUDE_SOURCE;
				MTL_FAST_MATH = YES;
				ONLY_ACTIVE_ARCH = YES;
				PRODUCT_NAME = "$(TARGET_NAME)";
				SWIFT_ACTIVE_COMPILATION_CONDITIONS = DEBUG;
				SWIFT_OPTIMIZATION_LEVEL = "-Onone";
				SWIFT_VERSION = 5.0;
			};
			name = Debug;
		};
		F4C7E2E4AA48F50FE6704DAB /* Debug */ = {
			isa = XCBuildConfiguration;
			buildSettings = {
				ASSETCATALOG_COMPILER_APPICON_NAME = AppIcon;
				CODE_SIGN_IDENTITY = "iPhone Developer";
				CODE_SIGN_STYLE = Automatic;
				DEVELOPMENT_TEAM = "";
				GENERATE_INFOPLIST_FILE = YES;
				INFOPLIST_KEY_LSApplicationCategoryType = "public.app-category.productivity";
				"INFOPLIST_KEY_UIApplicationSceneManifest_Generation[sdk=iphoneos*]" = YES;
				"INFOPLIST_KEY_UIApplicationSceneManifest_Generation[sdk=iphonesimulator*]" = YES;
				"INFOPLIST_KEY_UIApplicationSupportsIndirectInputEvents[sdk=iphoneos*]" = YES;
				"INFOPLIST_KEY_UIApplicationSupportsIndirectInputEvents[sdk=iphonesimulator*]" = YES;
				"INFOPLIST_KEY_UILaunchScreen_Generation[sdk=iphoneos*]" = YES;
				"INFOPLIST_KEY_UILaunchScreen_Generation[sdk=iphonesimulator*]" = YES;
				"INFOPLIST_KEY_UISupportedInterfaceOrientations[sdk=iphoneos*]" = "UIInterfaceOrientationPortrait UIInterfaceOrientationLandscapeLeft UIInterfaceOrientationLandscapeRight";
				"INFOPLIST_KEY_UISupportedInterfaceOrientations[sdk=iphonesimulator*]" = "UIInterfaceOrientationPortrait UIInterfaceOrientationLandscapeLeft UIInterfaceOrientationLandscapeRight";
				"INFOPLIST_KEY_UISupportedInterfaceOrientations_iPad[sdk=iphoneos*]" = "UIInterfaceOrientationPortrait UIInterfaceOrientationPortraitUpsideDown UIInterfaceOrientationLandscapeLeft UIInterfaceOrientationLandscapeRight";
				"INFOPLIST_KEY_UISupportedInterfaceOrientations_iPad[sdk=iphonesimulator*]" = "UIInterfaceOrientationPortrait UIInterfaceOrientationPortraitUpsideDown UIInterfaceOrientationLandscapeLeft UIInterfaceOrientationLandscapeRight";
				IPHONEOS_DEPLOYMENT_TARGET = 26.0;
				LD_RUNPATH_SEARCH_PATHS = (
					"$(inherited)",
					"@executable_path/Frameworks",
				);
				PRODUCT_BUNDLE_IDENTIFIER = com.strid.StridApp;
				PRODUCT_NAME = StridApp;
				SDKROOT = iphoneos;
				SWIFT_VERSION = 5.9;
				TARGETED_DEVICE_FAMILY = "1,2";
				"TARGETED_DEVICE_FAMILY[sdk=iphoneos*]" = "1,2";
				"TARGETED_DEVICE_FAMILY[sdk=iphonesimulator*]" = "1,2";
			};
			name = Debug;
		};
/* End XCBuildConfiguration section */

/* Begin XCConfigurationList section */
		68250AFDB1D9C270EAD0FF04 /* Build configuration list for PBXNativeTarget "StridApp_macOS" */ = {
			isa = XCConfigurationList;
			buildConfigurations = (
				21C904CBDB0F33A890246CF5 /* Debug */,
				88AB416C005A600D2C603FD2 /* Release */,
			);
			defaultConfigurationIsVisible = 0;
			defaultConfigurationName = Debug;
		};
		766DB707AFEACF6D932564D3 /* Build configuration list for PBXNativeTarget "StridApp_iOS" */ = {
			isa = XCConfigurationList;
			buildConfigurations = (
				F4C7E2E4AA48F50FE6704DAB /* Debug */,
				5CB03EF2BACB22ED550BD5C2 /* Release */,
			);
			defaultConfigurationIsVisible = 0;
			defaultConfigurationName = Debug;
		};
		946F1EE2DBE0827AE05F3D71 /* Build configuration list for PBXProject "StridApp" */ = {
			isa = XCConfigurationList;
			buildConfigurations = (
				BD7D3649F4EBC7C2148C9A3E /* Debug */,
				994FBAF9ECEC00503E8CEF3B /* Release */,
			);
			defaultConfigurationIsVisible = 0;
			defaultConfigurationName = Debug;
		};
/* End XCConfigurationList section */

/* Begin XCLocalSwiftPackageReference section */
		9B38A6364E4DF9D4A143C2A5 /* XCLocalSwiftPackageReference "../StridKit" */ = {
			isa = XCLocalSwiftPackageReference;
			relativePath = ../StridKit;
		};
/* End XCLocalSwiftPackageReference section */

/* Begin XCSwiftPackageProductDependency section */
		44FAB6B4C7A8B02387BF4DCD /* StridKit */ = {
			isa = XCSwiftPackageProductDependency;
			productName = StridKit;
		};
		E7987F7639E0196693595EF1 /* StridKit */ = {
			isa = XCSwiftPackageProductDependency;
			productName = StridKit;
		};
/* End XCSwiftPackageProductDependency section */
	};
	rootObject = 5D6ACA564A974D7EE436D95C /* Project object */;
}
