// !$*UTF8*$!
{
	archiveVersion = 1;
	classes = {
	};
	objectVersion = 77;
	objects = {

/* Begin PBXBuildFile section */
		054C5C5A029B7CA7ED947902 /* DocumentRepositoryPort.swift in Sources */ = {isa = PBXBuildFile; fileRef = E7896E00D61C139C0B190D99 /* DocumentRepositoryPort.swift */; };
		0C585DE6E52FB47E7E407EED /* GetRedactionHistoryUseCase.swift in Sources */ = {isa = PBXBuildFile; fileRef = B531061C09E28EA9B6138DF0 /* GetRedactionHistoryUseCase.swift */; };
		11C629E39424F67384B7D09E /* ColorPalette.swift in Sources */ = {isa = PBXBuildFile; fileRef = E0CE0A1583FF662913F6C140 /* ColorPalette.swift */; };
		181BE5844AE1B908098D6D39 /* DetectPIIUseCase.swift in Sources */ = {isa = PBXBuildFile; fileRef = FCCD002F94BC8D2A8CC3671C /* DetectPIIUseCase.swift */; };
		3F0B37208B058EFB9C5515B2 /* PIIDetectorPort.swift in Sources */ = {isa = PBXBuildFile; fileRef = 13421F5BDD277D3BAEC41FCE /* PIIDetectorPort.swift */; };
		45AEE3986F4A802FA75B40BD /* StridApp.swift in Sources */ = {isa = PBXBuildFile; fileRef = 97D843A7179201530FACD17E /* StridApp.swift */; };
		4CC33D2EE1570DE895C887A1 /* DocumentViewModel.swift in Sources */ = {isa = PBXBuildFile; fileRef = 932DA0519D54423144747AA9 /* DocumentViewModel.swift */; };
		50AA9400E4240388CAF0B99B /* RedactionHistoryEntry.swift in Sources */ = {isa = PBXBuildFile; fileRef = A4B9F11FB857BD834E361BB5 /* RedactionHistoryEntry.swift */; };
		67B3C090A32A9F154BD1CF5C /* RecordRedactionUseCase.swift in Sources */ = {isa = PBXBuildFile; fileRef = 726EFEDE5A72E4E5F52574C5 /* RecordRedactionUseCase.swift */; };
		76B6ABA6FC8D422CFC85F206 /* StridKit in Frameworks */ = {isa = PBXBuildFile; productRef = F73E09EF766C4B72DB9D1AE7 /* StridKit */; };
		8182172D929E4549B24F9417 /* InMemoryDocumentRepository.swift in Sources */ = {isa = PBXBuildFile; fileRef = CECC8F3AF9DCEA922A835BE8 /* InMemoryDocumentRepository.swift */; };
		853B6D90524C00DC34BA824A /* RedactionHistoryRepositoryPort.swift in Sources */ = {isa = PBXBuildFile; fileRef = C4B485566D7AA991C9698602 /* RedactionHistoryRepositoryPort.swift */; };
		92F7CD9BB0FB47ED14B5E359 /* DocumentState.swift in Sources */ = {isa = PBXBuildFile; fileRef = CFB838F9EA3ACF81E39EB9DD /* DocumentState.swift */; };
		9BBF08251B30E6C1A373DFE9 /* InMemoryRedactionHistoryRepository.swift in Sources */ = {isa = PBXBuildFile; fileRef = FD2C08412102DD79EF97CCFC /* InMemoryRedactionHistoryRepository.swift */; };
		A9D1EB1341F1211578BB1BB4 /* ImportDocumentUseCase.swift in Sources */ = {isa = PBXBuildFile; fileRef = 691469146B858FAE548351B2 /* ImportDocumentUseCase.swift */; };
		AC0E48D0A799FE210E850650 /* StridKitPIIDetectorAdapter.swift in Sources */ = {isa = PBXBuildFile; fileRef = 914352EDBACD3534E1C9260D /* StridKitPIIDetectorAdapter.swift */; };
		AD0A74470CB61EBC7212854A /* RedactedDocument.swift in Sources */ = {isa = PBXBuildFile; fileRef = C4958CA66F5D69A4D1927A32 /* RedactedDocument.swift */; };
		C66E31406A35D5DA87A00AB5 /* ContentView.swift in Sources */ = {isa = PBXBuildFile; fileRef = 38FD04F5FE1EC4FE6200099B /* ContentView.swift */; };
		C7D1E10E8C31B7CDE517688C /* DetectedPII.swift in Sources */ = {isa = PBXBuildFile; fileRef = 426F871F41F057A6CA08C387 /* DetectedPII.swift */; };
		D0D8C207351A69E715CA0D91 /* Document.swift in Sources */ = {isa = PBXBuildFile; fileRef = 3F97406A85B5E80E2B261830 /* Document.swift */; };
		DD4F5B8D1144AE252163CA19 /* DIContainer.swift in Sources */ = {isa = PBXBuildFile; fileRef = 3D32D4A31CA2753501F2325E /* DIContainer.swift */; };
		DE8E7050D80D32DD1A8C79CF /* StridApp.xcodeproj in Resources */ = {isa = PBXBuildFile; fileRef = FB97FBB662C964B53A26087C /* StridApp.xcodeproj */; };
		F046E8127884947F28D901EE /* RedactPIIUseCase.swift in Sources */ = {isa = PBXBuildFile; fileRef = 54D9D9316472CA1E925AB9F2 /* RedactPIIUseCase.swift */; };
/* End PBXBuildFile section */

/* Begin PBXFileReference section */
		13421F5BDD277D3BAEC41FCE /* PIIDetectorPort.swift */ = {isa = PBXFileReference; lastKnownFileType = sourcecode.swift; path = PIIDetectorPort.swift; sourceTree = "<group>"; };
		38FD04F5FE1EC4FE6200099B /* ContentView.swift */ = {isa = PBXFileReference; lastKnownFileType = sourcecode.swift; path = ContentView.swift; sourceTree = "<group>"; };
		3D32D4A31CA2753501F2325E /* DIContainer.swift */ = {isa = PBXFileReference; lastKnownFileType = sourcecode.swift; path = DIContainer.swift; sourceTree = "<group>"; };
		3F97406A85B5E80E2B261830 /* Document.swift */ = {isa = PBXFileReference; lastKnownFileType = sourcecode.swift; path = Document.swift; sourceTree = "<group>"; };
		426F871F41F057A6CA08C387 /* DetectedPII.swift */ = {isa = PBXFileReference; lastKnownFileType = sourcecode.swift; path = DetectedPII.swift; sourceTree = "<group>"; };
		54D9D9316472CA1E925AB9F2 /* RedactPIIUseCase.swift */ = {isa = PBXFileReference; lastKnownFileType = sourcecode.swift; path = RedactPIIUseCase.swift; sourceTree = "<group>"; };
		5697722409B34DF4A1AEE5B8 /* StridApp.app */ = {isa = PBXFileReference; includeInIndex = 0; lastKnownFileType = wrapper.application; path = StridApp.app; sourceTree = BUILT_PRODUCTS_DIR; };
		691469146B858FAE548351B2 /* ImportDocumentUseCase.swift */ = {isa = PBXFileReference; lastKnownFileType = sourcecode.swift; path = ImportDocumentUseCase.swift; sourceTree = "<group>"; };
		726EFEDE5A72E4E5F52574C5 /* RecordRedactionUseCase.swift */ = {isa = PBXFileReference; lastKnownFileType = sourcecode.swift; path = RecordRedactionUseCase.swift; sourceTree = "<group>"; };
		914352EDBACD3534E1C9260D /* StridKitPIIDetectorAdapter.swift */ = {isa = PBXFileReference; lastKnownFileType = sourcecode.swift; path = StridKitPIIDetectorAdapter.swift; sourceTree = "<group>"; };
		932DA0519D54423144747AA9 /* DocumentViewModel.swift */ = {isa = PBXFileReference; lastKnownFileType = sourcecode.swift; path = DocumentViewModel.swift; sourceTree = "<group>"; };
		97D843A7179201530FACD17E /* StridApp.swift */ = {isa = PBXFileReference; lastKnownFileType = sourcecode.swift; path = StridApp.swift; sourceTree = "<group>"; };
		A4B9F11FB857BD834E361BB5 /* RedactionHistoryEntry.swift */ = {isa = PBXFileReference; lastKnownFileType = sourcecode.swift; path = RedactionHistoryEntry.swift; sourceTree = "<group>"; };
		AAE26C28DE276383659A141A /* StridKit */ = {isa = PBXFileReference; lastKnownFileType = folder; name = StridKit; path = ../StridKit; sourceTree = SOURCE_ROOT; };
		B531061C09E28EA9B6138DF0 /* GetRedactionHistoryUseCase.swift */ = {isa = PBXFileReference; lastKnownFileType = sourcecode.swift; path = GetRedactionHistoryUseCase.swift; sourceTree = "<group>"; };
		C4958CA66F5D69A4D1927A32 /* RedactedDocument.swift */ = {isa = PBXFileReference; lastKnownFileType = sourcecode.swift; path = RedactedDocument.swift; sourceTree = "<group>"; };
		C4B485566D7AA991C9698602 /* RedactionHistoryRepositoryPort.swift */ = {isa = PBXFileReference; lastKnownFileType = sourcecode.swift; path = RedactionHistoryRepositoryPort.swift; sourceTree = "<group>"; };
		CECC8F3AF9DCEA922A835BE8 /* InMemoryDocumentRepository.swift */ = {isa = PBXFileReference; lastKnownFileType = sourcecode.swift; path = InMemoryDocumentRepository.swift; sourceTree = "<group>"; };
		CFB838F9EA3ACF81E39EB9DD /* DocumentState.swift */ = {isa = PBXFileReference; lastKnownFileType = sourcecode.swift; path = DocumentState.swift; sourceTree = "<group>"; };
		E0CE0A1583FF662913F6C140 /* ColorPalette.swift */ = {isa = PBXFileReference; lastKnownFileType = sourcecode.swift; path = ColorPalette.swift; sourceTree = "<group>"; };
		E7896E00D61C139C0B190D99 /* DocumentRepositoryPort.swift */ = {isa = PBXFileReference; lastKnownFileType = sourcecode.swift; path = DocumentRepositoryPort.swift; sourceTree = "<group>"; };
		FB97FBB662C964B53A26087C /* StridApp.xcodeproj */ = {isa = PBXFileReference; lastKnownFileType = "wrapper.pb-project"; path = StridApp.xcodeproj; sourceTree = "<group>"; };
		FCCD002F94BC8D2A8CC3671C /* DetectPIIUseCase.swift */ = {isa = PBXFileReference; lastKnownFileType = sourcecode.swift; path = DetectPIIUseCase.swift; sourceTree = "<group>"; };
		FD2C08412102DD79EF97CCFC /* InMemoryRedactionHistoryRepository.swift */ = {isa = PBXFileReference; lastKnownFileType = sourcecode.swift; path = InMemoryRedactionHistoryRepository.swift; sourceTree = "<group>"; };
/* End PBXFileReference section */

/* Begin PBXFrameworksBuildPhase section */
		369EDABB620348916C88B64A /* Frameworks */ = {
			isa = PBXFrameworksBuildPhase;
			buildActionMask = 2147483647;
			files = (
				76B6ABA6FC8D422CFC85F206 /* StridKit in Frameworks */,
			);
			runOnlyForDeploymentPostprocessing = 0;
		};
/* End PBXFrameworksBuildPhase section */

/* Begin PBXGroup section */
		00528C2C730A6454903A31A5 /* ViewModels */ = {
			isa = PBXGroup;
			children = (
				CFB838F9EA3ACF81E39EB9DD /* DocumentState.swift */,
				932DA0519D54423144747AA9 /* DocumentViewModel.swift */,
			);
			path = ViewModels;
			sourceTree = "<group>";
		};
		18CEB29B1A6AFF83267EBF8B /* Ports */ = {
			isa = PBXGroup;
			children = (
				E7896E00D61C139C0B190D99 /* DocumentRepositoryPort.swift */,
				13421F5BDD277D3BAEC41FCE /* PIIDetectorPort.swift */,
				C4B485566D7AA991C9698602 /* RedactionHistoryRepositoryPort.swift */,
			);
			path = Ports;
			sourceTree = "<group>";
		};
		1FC531923ACDABD8CCEBB896 /* DI */ = {
			isa = PBXGroup;
			children = (
				3D32D4A31CA2753501F2325E /* DIContainer.swift */,
			);
			path = DI;
			sourceTree = "<group>";
		};
		362ABAC5DF96A618378B79FC /* Storage */ = {
			isa = PBXGroup;
			children = (
				CECC8F3AF9DCEA922A835BE8 /* InMemoryDocumentRepository.swift */,
				FD2C08412102DD79EF97CCFC /* InMemoryRedactionHistoryRepository.swift */,
			);
			path = Storage;
			sourceTree = "<group>";
		};
		573249731357C0AA6805DF63 = {
			isa = PBXGroup;
			children = (
				F5DA971718565C3C039546F8 /* Adapters */,
				74D90BBA43468AADD88BAFAB /* Design */,
				1FC531923ACDABD8CCEBB896 /* DI */,
				6A68EF2DADE504D05BE7109D /* Domain */,
				F0724EC96340C50C3608B213 /* Packages */,
				E9FC8B533A35A38B08507C5E /* StridApp */,
				9E0260CCDDB670441F4A3264 /* Products */,
			);
			sourceTree = "<group>";
		};
		6A68EF2DADE504D05BE7109D /* Domain */ = {
			isa = PBXGroup;
			children = (
				F235D0D1DDCFBC5928BFD737 /* Entities */,
				18CEB29B1A6AFF83267EBF8B /* Ports */,
				F218A253AF205146396BBCB8 /* UseCases */,
			);
			path = Domain;
			sourceTree = "<group>";
		};
		74D90BBA43468AADD88BAFAB /* Design */ = {
			isa = PBXGroup;
			children = (
				E0CE0A1583FF662913F6C140 /* ColorPalette.swift */,
			);
			path = Design;
			sourceTree = "<group>";
		};
		786214F47E143082E7F189BA /* UI */ = {
			isa = PBXGroup;
			children = (
				00528C2C730A6454903A31A5 /* ViewModels */,
			);
			path = UI;
			sourceTree = "<group>";
		};
		82551F67C54171BC3D3BA35A /* Outbound */ = {
			isa = PBXGroup;
			children = (
				E730B2CAB8371B540EF9882B /* PIIDetection */,
				362ABAC5DF96A618378B79FC /* Storage */,
			);
			path = Outbound;
			sourceTree = "<group>";
		};
		9E0260CCDDB670441F4A3264 /* Products */ = {
			isa = PBXGroup;
			children = (
				5697722409B34DF4A1AEE5B8 /* StridApp.app */,
			);
			name = Products;
			sourceTree = "<group>";
		};
		B8BC2ABF4CF55192236AE6A9 /* Inbound */ = {
			isa = PBXGroup;
			children = (
				786214F47E143082E7F189BA /* UI */,
			);
			path = Inbound;
			sourceTree = "<group>";
		};
		E730B2CAB8371B540EF9882B /* PIIDetection */ = {
			isa = PBXGroup;
			children = (
				914352EDBACD3534E1C9260D /* StridKitPIIDetectorAdapter.swift */,
			);
			path = PIIDetection;
			sourceTree = "<group>";
		};
		E9FC8B533A35A38B08507C5E /* StridApp */ = {
			isa = PBXGroup;
			children = (
				38FD04F5FE1EC4FE6200099B /* ContentView.swift */,
				97D843A7179201530FACD17E /* StridApp.swift */,
				FB97FBB662C964B53A26087C /* StridApp.xcodeproj */,
				F5DA971718565C3C039546F8 /* Adapters */,
				74D90BBA43468AADD88BAFAB /* Design */,
				1FC531923ACDABD8CCEBB896 /* DI */,
				6A68EF2DADE504D05BE7109D /* Domain */,
			);
			name = StridApp;
			path = .;
			sourceTree = "<group>";
		};
		F0724EC96340C50C3608B213 /* Packages */ = {
			isa = PBXGroup;
			children = (
				AAE26C28DE276383659A141A /* StridKit */,
			);
			name = Packages;
			sourceTree = "<group>";
		};
		F218A253AF205146396BBCB8 /* UseCases */ = {
			isa = PBXGroup;
			children = (
				FCCD002F94BC8D2A8CC3671C /* DetectPIIUseCase.swift */,
				B531061C09E28EA9B6138DF0 /* GetRedactionHistoryUseCase.swift */,
				691469146B858FAE548351B2 /* ImportDocumentUseCase.swift */,
				726EFEDE5A72E4E5F52574C5 /* RecordRedactionUseCase.swift */,
				54D9D9316472CA1E925AB9F2 /* RedactPIIUseCase.swift */,
			);
			path = UseCases;
			sourceTree = "<group>";
		};
		F235D0D1DDCFBC5928BFD737 /* Entities */ = {
			isa = PBXGroup;
			children = (
				426F871F41F057A6CA08C387 /* DetectedPII.swift */,
				3F97406A85B5E80E2B261830 /* Document.swift */,
				C4958CA66F5D69A4D1927A32 /* RedactedDocument.swift */,
				A4B9F11FB857BD834E361BB5 /* RedactionHistoryEntry.swift */,
			);
			path = Entities;
			sourceTree = "<group>";
		};
		F5DA971718565C3C039546F8 /* Adapters */ = {
			isa = PBXGroup;
			children = (
				B8BC2ABF4CF55192236AE6A9 /* Inbound */,
				82551F67C54171BC3D3BA35A /* Outbound */,
			);
			path = Adapters;
			sourceTree = "<group>";
		};
/* End PBXGroup section */

/* Begin PBXNativeTarget section */
		46B2C43AC8817E9B2C462945 /* StridApp */ = {
			isa = PBXNativeTarget;
			buildConfigurationList = 1E12942B13A12AA5F695A400 /* Build configuration list for PBXNativeTarget "StridApp" */;
			buildPhases = (
				6206654502C88242F1C69861 /* Sources */,
				56CA78CEBCACC4FAEC692F60 /* Resources */,
				369EDABB620348916C88B64A /* Frameworks */,
			);
			buildRules = (
			);
			dependencies = (
			);
			name = StridApp;
			packageProductDependencies = (
				F73E09EF766C4B72DB9D1AE7 /* StridKit */,
			);
			productName = StridApp;
			productReference = 5697722409B34DF4A1AEE5B8 /* StridApp.app */;
			productType = "com.apple.product-type.application";
		};
/* End PBXNativeTarget section */

/* Begin PBXProject section */
		5D6ACA564A974D7EE436D95C /* Project object */ = {
			isa = PBXProject;
			attributes = {
				BuildIndependentTargetsInParallel = YES;
				LastUpgradeCheck = 1430;
				TargetAttributes = {
					46B2C43AC8817E9B2C462945 = {
						DevelopmentTeam = "";
						ProvisioningStyle = Automatic;
					};
				};
			};
			buildConfigurationList = 946F1EE2DBE0827AE05F3D71 /* Build configuration list for PBXProject "StridApp" */;
			compatibilityVersion = "Xcode 14.0";
			developmentRegion = en;
			hasScannedForEncodings = 0;
			knownRegions = (
				Base,
				en,
			);
			mainGroup = 573249731357C0AA6805DF63;
			minimizedProjectReferenceProxies = 1;
			packageReferences = (
				9B38A6364E4DF9D4A143C2A5 /* XCLocalSwiftPackageReference "../StridKit" */,
			);
			preferredProjectObjectVersion = 77;
			projectDirPath = "";
			projectRoot = "";
			targets = (
				46B2C43AC8817E9B2C462945 /* StridApp */,
			);
		};
/* End PBXProject section */

/* Begin PBXResourcesBuildPhase section */
		56CA78CEBCACC4FAEC692F60 /* Resources */ = {
			isa = PBXResourcesBuildPhase;
			buildActionMask = 2147483647;
			files = (
				DE8E7050D80D32DD1A8C79CF /* StridApp.xcodeproj in Resources */,
			);
			runOnlyForDeploymentPostprocessing = 0;
		};
/* End PBXResourcesBuildPhase section */

/* Begin PBXSourcesBuildPhase section */
		6206654502C88242F1C69861 /* Sources */ = {
			isa = PBXSourcesBuildPhase;
			buildActionMask = 2147483647;
			files = (
				11C629E39424F67384B7D09E /* ColorPalette.swift in Sources */,
				C66E31406A35D5DA87A00AB5 /* ContentView.swift in Sources */,
				DD4F5B8D1144AE252163CA19 /* DIContainer.swift in Sources */,
				181BE5844AE1B908098D6D39 /* DetectPIIUseCase.swift in Sources */,
				C7D1E10E8C31B7CDE517688C /* DetectedPII.swift in Sources */,
				D0D8C207351A69E715CA0D91 /* Document.swift in Sources */,
				054C5C5A029B7CA7ED947902 /* DocumentRepositoryPort.swift in Sources */,
				92F7CD9BB0FB47ED14B5E359 /* DocumentState.swift in Sources */,
				4CC33D2EE1570DE895C887A1 /* DocumentViewModel.swift in Sources */,
				0C585DE6E52FB47E7E407EED /* GetRedactionHistoryUseCase.swift in Sources */,
				A9D1EB1341F1211578BB1BB4 /* ImportDocumentUseCase.swift in Sources */,
				8182172D929E4549B24F9417 /* InMemoryDocumentRepository.swift in Sources */,
				9BBF08251B30E6C1A373DFE9 /* InMemoryRedactionHistoryRepository.swift in Sources */,
				3F0B37208B058EFB9C5515B2 /* PIIDetectorPort.swift in Sources */,
				67B3C090A32A9F154BD1CF5C /* RecordRedactionUseCase.swift in Sources */,
				F046E8127884947F28D901EE /* RedactPIIUseCase.swift in Sources */,
				AD0A74470CB61EBC7212854A /* RedactedDocument.swift in Sources */,
				50AA9400E4240388CAF0B99B /* RedactionHistoryEntry.swift in Sources */,
				853B6D90524C00DC34BA824A /* RedactionHistoryRepositoryPort.swift in Sources */,
				45AEE3986F4A802FA75B40BD /* StridApp.swift in Sources */,
				AC0E48D0A799FE210E850650 /* StridKitPIIDetectorAdapter.swift in Sources */,
			);
			runOnlyForDeploymentPostprocessing = 0;
		};
/* End PBXSourcesBuildPhase section */

/* Begin XCBuildConfiguration section */
		66892AAF940664EA12CAEF67 /* Debug */ = {
			isa = XCBuildConfiguration;
			buildSettings = {
				ASSETCATALOG_COMPILER_APPICON_NAME = AppIcon;
				CODE_SIGN_IDENTITY = "iPhone Developer";
				CODE_SIGN_STYLE = Automatic;
				DEVELOPMENT_TEAM = "";
				GENERATE_INFOPLIST_FILE = YES;
				INFOPLIST_KEY_UIApplicationSceneManifest_Generation = YES;
				INFOPLIST_KEY_UIApplicationSupportsIndirectInputEvents = YES;
				INFOPLIST_KEY_UILaunchScreen_Generation = YES;
				INFOPLIST_KEY_UISupportedInterfaceOrientations = "UIInterfaceOrientationPortrait UIInterfaceOrientationLandscapeLeft UIInterfaceOrientationLandscapeRight";
				INFOPLIST_KEY_UISupportedInterfaceOrientations_iPad = "UIInterfaceOrientationPortrait UIInterfaceOrientationPortraitUpsideDown UIInterfaceOrientationLandscapeLeft UIInterfaceOrientationLandscapeRight";
				IPHONEOS_DEPLOYMENT_TARGET = 26.0;
				LD_RUNPATH_SEARCH_PATHS = (
					"$(inherited)",
					"@executable_path/Frameworks",
				);
				PRODUCT_BUNDLE_IDENTIFIER = com.strid.StridApp;
				SDKROOT = iphoneos;
				SWIFT_VERSION = 5.9;
				TARGETED_DEVICE_FAMILY = "1,2";
			};
			name = Debug;
		};
		994FBAF9ECEC00503E8CEF3B /* Release */ = {
			isa = XCBuildConfiguration;
			buildSettings = {
				ALWAYS_SEARCH_USER_PATHS = NO;
				CLANG_ANALYZER_NONNULL = YES;
				CLANG_ANALYZER_NUMBER_OBJECT_CONVERSION = YES_AGGRESSIVE;
				CLANG_CXX_LANGUAGE_STANDARD = "gnu++14";
				CLANG_CXX_LIBRARY = "libc++";
				CLANG_ENABLE_MODULES = YES;
				CLANG_ENABLE_OBJC_ARC = YES;
				CLANG_ENABLE_OBJC_WEAK = YES;
				CLANG_WARN_BLOCK_CAPTURE_AUTORELEASING = YES;
				CLANG_WARN_BOOL_CONVERSION = YES;
				CLANG_WARN_COMMA = YES;
				CLANG_WARN_CONSTANT_CONVERSION = YES;
				CLANG_WARN_DEPRECATED_OBJC_IMPLEMENTATIONS = YES;
				CLANG_WARN_DIRECT_OBJC_ISA_USAGE = YES_ERROR;
				CLANG_WARN_DOCUMENTATION_COMMENTS = YES;
				CLANG_WARN_EMPTY_BODY = YES;
				CLANG_WARN_ENUM_CONVERSION = YES;
				CLANG_WARN_INFINITE_RECURSION = YES;
				CLANG_WARN_INT_CONVERSION = YES;
				CLANG_WARN_NON_LITERAL_NULL_CONVERSION = YES;
				CLANG_WARN_OBJC_IMPLICIT_RETAIN_SELF = YES;
				CLANG_WARN_OBJC_LITERAL_CONVERSION = YES;
				CLANG_WARN_OBJC_ROOT_CLASS = YES_ERROR;
				CLANG_WARN_QUOTED_INCLUDE_IN_FRAMEWORK_HEADER = YES;
				CLANG_WARN_RANGE_LOOP_ANALYSIS = YES;
				CLANG_WARN_STRICT_PROTOTYPES = YES;
				CLANG_WARN_SUSPICIOUS_MOVE = YES;
				CLANG_WARN_UNGUARDED_AVAILABILITY = YES_AGGRESSIVE;
				CLANG_WARN_UNREACHABLE_CODE = YES;
				CLANG_WARN__DUPLICATE_METHOD_MATCH = YES;
				COPY_PHASE_STRIP = NO;
				DEBUG_INFORMATION_FORMAT = "dwarf-with-dsym";
				ENABLE_NS_ASSERTIONS = NO;
				ENABLE_STRICT_OBJC_MSGSEND = YES;
				GCC_C_LANGUAGE_STANDARD = gnu11;
				GCC_NO_COMMON_BLOCKS = YES;
				GCC_WARN_64_TO_32_BIT_CONVERSION = YES;
				GCC_WARN_ABOUT_RETURN_TYPE = YES_ERROR;
				GCC_WARN_UNDECLARED_SELECTOR = YES;
				GCC_WARN_UNINITIALIZED_AUTOS = YES_AGGRESSIVE;
				GCC_WARN_UNUSED_FUNCTION = YES;
				GCC_WARN_UNUSED_VARIABLE = YES;
				IPHONEOS_DEPLOYMENT_TARGET = 26.0;
				MTL_ENABLE_DEBUG_INFO = NO;
				MTL_FAST_MATH = YES;
				PRODUCT_NAME = "$(TARGET_NAME)";
				SDKROOT = iphoneos;
				SWIFT_COMPILATION_MODE = wholemodule;
				SWIFT_OPTIMIZATION_LEVEL = "-O";
				SWIFT_VERSION = 5.0;
			};
			name = Release;
		};
		BD7D3649F4EBC7C2148C9A3E /* Debug */ = {
			isa = XCBuildConfiguration;
			buildSettings = {
				ALWAYS_SEARCH_USER_PATHS = NO;
				CLANG_ANALYZER_NONNULL = YES;
				CLANG_ANALYZER_NUMBER_OBJECT_CONVERSION = YES_AGGRESSIVE;
				CLANG_CXX_LANGUAGE_STANDARD = "gnu++14";
				CLANG_CXX_LIBRARY = "libc++";
				CLANG_ENABLE_MODULES = YES;
				CLANG_ENABLE_OBJC_ARC = YES;
				CLANG_ENABLE_OBJC_WEAK = YES;
				CLANG_WARN_BLOCK_CAPTURE_AUTORELEASING = YES;
				CLANG_WARN_BOOL_CONVERSION = YES;
				CLANG_WARN_COMMA = YES;
				CLANG_WARN_CONSTANT_CONVERSION = YES;
				CLANG_WARN_DEPRECATED_OBJC_IMPLEMENTATIONS = YES;
				CLANG_WARN_DIRECT_OBJC_ISA_USAGE = YES_ERROR;
				CLANG_WARN_DOCUMENTATION_COMMENTS = YES;
				CLANG_WARN_EMPTY_BODY = YES;
				CLANG_WARN_ENUM_CONVERSION = YES;
				CLANG_WARN_INFINITE_RECURSION = YES;
				CLANG_WARN_INT_CONVERSION = YES;
				CLANG_WARN_NON_LITERAL_NULL_CONVERSION = YES;
				CLANG_WARN_OBJC_IMPLICIT_RETAIN_SELF = YES;
				CLANG_WARN_OBJC_LITERAL_CONVERSION = YES;
				CLANG_WARN_OBJC_ROOT_CLASS = YES_ERROR;
				CLANG_WARN_QUOTED_INCLUDE_IN_FRAMEWORK_HEADER = YES;
				CLANG_WARN_RANGE_LOOP_ANALYSIS = YES;
				CLANG_WARN_STRICT_PROTOTYPES = YES;
				CLANG_WARN_SUSPICIOUS_MOVE = YES;
				CLANG_WARN_UNGUARDED_AVAILABILITY = YES_AGGRESSIVE;
				CLANG_WARN_UNREACHABLE_CODE = YES;
				CLANG_WARN__DUPLICATE_METHOD_MATCH = YES;
				COPY_PHASE_STRIP = NO;
				DEBUG_INFORMATION_FORMAT = dwarf;
				ENABLE_STRICT_OBJC_MSGSEND = YES;
				ENABLE_TESTABILITY = YES;
				GCC_C_LANGUAGE_STANDARD = gnu11;
				GCC_DYNAMIC_NO_PIC = NO;
				GCC_NO_COMMON_BLOCKS = YES;
				GCC_OPTIMIZATION_LEVEL = 0;
				GCC_PREPROCESSOR_DEFINITIONS = (
					"$(inherited)",
					"DEBUG=1",
				);
				GCC_WARN_64_TO_32_BIT_CONVERSION = YES;
				GCC_WARN_ABOUT_RETURN_TYPE = YES_ERROR;
				GCC_WARN_UNDECLARED_SELECTOR = YES;
				GCC_WARN_UNINITIALIZED_AUTOS = YES_AGGRESSIVE;
				GCC_WARN_UNUSED_FUNCTION = YES;
				GCC_WARN_UNUSED_VARIABLE = YES;
				IPHONEOS_DEPLOYMENT_TARGET = 26.0;
				MTL_ENABLE_DEBUG_INFO = INCLUDE_SOURCE;
				MTL_FAST_MATH = YES;
				ONLY_ACTIVE_ARCH = YES;
				PRODUCT_NAME = "$(TARGET_NAME)";
				SDKROOT = iphoneos;
				SWIFT_ACTIVE_COMPILATION_CONDITIONS = DEBUG;
				SWIFT_OPTIMIZATION_LEVEL = "-Onone";
				SWIFT_VERSION = 5.0;
			};
			name = Debug;
		};
		FA2BAF9485710B20B753D83C /* Release */ = {
			isa = XCBuildConfiguration;
			buildSettings = {
				ASSETCATALOG_COMPILER_APPICON_NAME = AppIcon;
				CODE_SIGN_IDENTITY = "iPhone Developer";
				CODE_SIGN_STYLE = Automatic;
				DEVELOPMENT_TEAM = "";
				GENERATE_INFOPLIST_FILE = YES;
				INFOPLIST_KEY_UIApplicationSceneManifest_Generation = YES;
				INFOPLIST_KEY_UIApplicationSupportsIndirectInputEvents = YES;
				INFOPLIST_KEY_UILaunchScreen_Generation = YES;
				INFOPLIST_KEY_UISupportedInterfaceOrientations = "UIInterfaceOrientationPortrait UIInterfaceOrientationLandscapeLeft UIInterfaceOrientationLandscapeRight";
				INFOPLIST_KEY_UISupportedInterfaceOrientations_iPad = "UIInterfaceOrientationPortrait UIInterfaceOrientationPortraitUpsideDown UIInterfaceOrientationLandscapeLeft UIInterfaceOrientationLandscapeRight";
				IPHONEOS_DEPLOYMENT_TARGET = 26.0;
				LD_RUNPATH_SEARCH_PATHS = (
					"$(inherited)",
					"@executable_path/Frameworks",
				);
				PRODUCT_BUNDLE_IDENTIFIER = com.strid.StridApp;
				SDKROOT = iphoneos;
				SWIFT_VERSION = 5.9;
				TARGETED_DEVICE_FAMILY = "1,2";
			};
			name = Release;
		};
/* End XCBuildConfiguration section */

/* Begin XCConfigurationList section */
		1E12942B13A12AA5F695A400 /* Build configuration list for PBXNativeTarget "StridApp" */ = {
			isa = XCConfigurationList;
			buildConfigurations = (
				66892AAF940664EA12CAEF67 /* Debug */,
				FA2BAF9485710B20B753D83C /* Release */,
			);
			defaultConfigurationIsVisible = 0;
			defaultConfigurationName = Debug;
		};
		946F1EE2DBE0827AE05F3D71 /* Build configuration list for PBXProject "StridApp" */ = {
			isa = XCConfigurationList;
			buildConfigurations = (
				BD7D3649F4EBC7C2148C9A3E /* Debug */,
				994FBAF9ECEC00503E8CEF3B /* Release */,
			);
			defaultConfigurationIsVisible = 0;
			defaultConfigurationName = Debug;
		};
/* End XCConfigurationList section */

/* Begin XCLocalSwiftPackageReference section */
		9B38A6364E4DF9D4A143C2A5 /* XCLocalSwiftPackageReference "../StridKit" */ = {
			isa = XCLocalSwiftPackageReference;
			relativePath = ../StridKit;
		};
/* End XCLocalSwiftPackageReference section */

/* Begin XCSwiftPackageProductDependency section */
		F73E09EF766C4B72DB9D1AE7 /* StridKit */ = {
			isa = XCSwiftPackageProductDependency;
			productName = StridKit;
		};
/* End XCSwiftPackageProductDependency section */
	};
	rootObject = 5D6ACA564A974D7EE436D95C /* Project object */;
}
